<?xml version="1.0" encoding="UTF-8"?>
<!DOCTYPE plist PUBLIC "-//Apple//DTD PLIST 1.0//EN" "http://www.apple.com/DTDs/PropertyList-1.0.dtd">
<plist version="1.0">
<dict>
	<key>archiveVersion</key>
	<string>1</string>
	<key>classes</key>
	<dict/>
	<key>objectVersion</key>
	<string>46</string>
	<key>objects</key>
	<dict>
		<key>095040316A653E09BB5B08B5</key>
		<dict>
			<key>includeInIndex</key>
			<string>1</string>
			<key>isa</key>
			<string>PBXFileReference</string>
			<key>lastKnownFileType</key>
			<string>text.xcconfig</string>
			<key>name</key>
			<string>Pods-SendBird-iOS.debug.xcconfig</string>
			<key>path</key>
			<string>Pods/Target Support Files/Pods-SendBird-iOS/Pods-SendBird-iOS.debug.xcconfig</string>
			<key>sourceTree</key>
			<string>&lt;group&gt;</string>
		</dict>
		<key>0F7440614FBAB0CE15886868</key>
		<dict>
			<key>explicitFileType</key>
			<string>archive.ar</string>
			<key>includeInIndex</key>
			<string>0</string>
			<key>isa</key>
			<string>PBXFileReference</string>
			<key>path</key>
			<string>libPods-SendBird-iOS.a</string>
			<key>sourceTree</key>
			<string>BUILT_PRODUCTS_DIR</string>
		</dict>
		<key>1364F5B22175AB53DD65C48E</key>
		<dict>
			<key>includeInIndex</key>
			<string>1</string>
			<key>isa</key>
			<string>PBXFileReference</string>
			<key>lastKnownFileType</key>
			<string>text.xcconfig</string>
			<key>name</key>
			<string>Pods-SendBird-iOS.release.xcconfig</string>
			<key>path</key>
			<string>Pods/Target Support Files/Pods-SendBird-iOS/Pods-SendBird-iOS.release.xcconfig</string>
			<key>sourceTree</key>
			<string>&lt;group&gt;</string>
		</dict>
		<key>241921FF02E731D044D1CA23</key>
		<dict>
			<key>buildActionMask</key>
			<string>2147483647</string>
			<key>files</key>
			<array/>
			<key>inputPaths</key>
			<array/>
			<key>isa</key>
			<string>PBXShellScriptBuildPhase</string>
			<key>name</key>
			<string>[CP] Check Pods Manifest.lock</string>
			<key>outputPaths</key>
			<array/>
			<key>runOnlyForDeploymentPostprocessing</key>
			<string>0</string>
			<key>shellPath</key>
			<string>/bin/sh</string>
			<key>shellScript</key>
			<string>diff "${PODS_ROOT}/../Podfile.lock" "${PODS_ROOT}/Manifest.lock" &gt; /dev/null
if [ $? != 0 ] ; then
    # print error to STDERR
    echo "error: The sandbox is not in sync with the Podfile.lock. Run 'pod install' or update your CocoaPods installation." &gt;&amp;2
    exit 1
fi
</string>
			<key>showEnvVarsInLog</key>
			<string>0</string>
		</dict>
		<key>26A6A5098B7990B4608FCC56</key>
		<dict>
			<key>buildActionMask</key>
			<string>2147483647</string>
			<key>files</key>
			<array/>
			<key>inputPaths</key>
			<array/>
			<key>isa</key>
			<string>PBXShellScriptBuildPhase</string>
			<key>name</key>
			<string>[CP] Embed Pods Frameworks</string>
			<key>outputPaths</key>
			<array/>
			<key>runOnlyForDeploymentPostprocessing</key>
			<string>0</string>
			<key>shellPath</key>
			<string>/bin/sh</string>
			<key>shellScript</key>
			<string>"${SRCROOT}/Pods/Target Support Files/Pods-SendBird-iOS/Pods-SendBird-iOS-frameworks.sh"
</string>
			<key>showEnvVarsInLog</key>
			<string>0</string>
		</dict>
		<key>275EA3EAE9405F5E61FBA0BD</key>
		<dict>
			<key>buildActionMask</key>
			<string>2147483647</string>
			<key>files</key>
			<array/>
			<key>inputPaths</key>
			<array/>
			<key>isa</key>
			<string>PBXShellScriptBuildPhase</string>
			<key>name</key>
			<string>&#128230; Embed Pods Frameworks</string>
			<key>outputPaths</key>
			<array/>
			<key>runOnlyForDeploymentPostprocessing</key>
			<string>0</string>
			<key>shellPath</key>
			<string>/bin/sh</string>
			<key>shellScript</key>
			<string>"${SRCROOT}/Pods/Target Support Files/Pods-SendBird-iOS/Pods-SendBird-iOS-frameworks.sh"
</string>
			<key>showEnvVarsInLog</key>
			<string>0</string>
		</dict>
		<key>3F68010AC569401C3F0FAD95</key>
		<dict>
			<key>includeInIndex</key>
			<string>1</string>
			<key>isa</key>
			<string>PBXFileReference</string>
			<key>lastKnownFileType</key>
			<string>text.xcconfig</string>
			<key>name</key>
			<string>Pods-SendBird-iOS.release.xcconfig</string>
			<key>path</key>
			<string>Pods/Target Support Files/Pods-SendBird-iOS/Pods-SendBird-iOS.release.xcconfig</string>
			<key>sourceTree</key>
			<string>&lt;group&gt;</string>
		</dict>
		<key>5422B3F2C97FFEE92BCC64DF</key>
		<dict>
			<key>buildActionMask</key>
			<string>2147483647</string>
			<key>files</key>
			<array/>
			<key>inputPaths</key>
			<array/>
			<key>isa</key>
			<string>PBXShellScriptBuildPhase</string>
			<key>name</key>
			<string>&#128230; Check Pods Manifest.lock</string>
			<key>outputPaths</key>
			<array/>
			<key>runOnlyForDeploymentPostprocessing</key>
			<string>0</string>
			<key>shellPath</key>
			<string>/bin/sh</string>
			<key>shellScript</key>
			<string>diff "${PODS_ROOT}/../Podfile.lock" "${PODS_ROOT}/Manifest.lock" &gt; /dev/null
if [[ $? != 0 ]] ; then
    cat &lt;&lt; EOM
error: The sandbox is not in sync with the Podfile.lock. Run 'pod install' or update your CocoaPods installation.
EOM
    exit 1
fi
</string>
			<key>showEnvVarsInLog</key>
			<string>0</string>
		</dict>
		<key>5AB0CC1C1D8F840400F05EC1</key>
		<dict>
			<key>children</key>
			<array>
				<string>5AD94BF81DB5C4ED00A6CD66</string>
				<string>5AB0CC261D8F840400F05EC1</string>
				<string>5AB0CC271D8F840400F05EC1</string>
				<string>7FBC9D59107481A6793B2D20</string>
				<string>637A1CAA6BE9D31152E759CB</string>
			</array>
			<key>isa</key>
			<string>PBXGroup</string>
			<key>sourceTree</key>
			<string>&lt;group&gt;</string>
		</dict>
		<key>5AB0CC1D1D8F840400F05EC1</key>
		<dict>
			<key>attributes</key>
			<dict>
				<key>LastUpgradeCheck</key>
				<string>0800</string>
				<key>ORGANIZATIONNAME</key>
				<string>SendBird</string>
				<key>TargetAttributes</key>
				<dict>
					<key>5AB0CC241D8F840400F05EC1</key>
					<dict>
						<key>CreatedOnToolsVersion</key>
						<string>8.0</string>
						<key>DevelopmentTeam</key>
						<string>8K8M9F9X95</string>
						<key>ProvisioningStyle</key>
						<string>Automatic</string>
						<key>SystemCapabilities</key>
						<dict>
							<key>com.apple.Push</key>
							<dict>
								<key>enabled</key>
								<string>1</string>
							</dict>
						</dict>
					</dict>
				</dict>
			</dict>
			<key>buildConfigurationList</key>
			<string>5AB0CC201D8F840400F05EC1</string>
			<key>compatibilityVersion</key>
			<string>Xcode 3.2</string>
			<key>developmentRegion</key>
			<string>English</string>
			<key>hasScannedForEncodings</key>
			<string>0</string>
			<key>isa</key>
			<string>PBXProject</string>
			<key>knownRegions</key>
			<array>
				<string>en</string>
				<string>Base</string>
				<string>ko</string>
			</array>
			<key>mainGroup</key>
			<string>5AB0CC1C1D8F840400F05EC1</string>
			<key>productRefGroup</key>
			<string>5AB0CC261D8F840400F05EC1</string>
			<key>projectDirPath</key>
			<string></string>
			<key>projectReferences</key>
			<array/>
			<key>projectRoot</key>
			<string></string>
			<key>targets</key>
			<array>
				<string>5AB0CC241D8F840400F05EC1</string>
			</array>
		</dict>
		<key>5AB0CC201D8F840400F05EC1</key>
		<dict>
			<key>buildConfigurations</key>
			<array>
				<string>5AB0CC3A1D8F840400F05EC1</string>
				<string>5AB0CC3B1D8F840400F05EC1</string>
			</array>
			<key>defaultConfigurationIsVisible</key>
			<string>0</string>
			<key>defaultConfigurationName</key>
			<string>Release</string>
			<key>isa</key>
			<string>XCConfigurationList</string>
		</dict>
		<key>5AB0CC211D8F840400F05EC1</key>
		<dict>
			<key>buildActionMask</key>
			<string>2147483647</string>
			<key>files</key>
			<array>
				<string>5AF199261DA3CCE000BF2DE0</string>
				<string>5AB0CC301D8F840400F05EC1</string>
				<string>5AF8AC7B1D913D91000F0578</string>
				<string>5AF8AC651D90D95E000F0578</string>
				<string>5AF8AC761D9131BD000F0578</string>
				<string>5AF199121DA3A1FB00BF2DE0</string>
				<string>5AF8AC6A1D911045000F0578</string>
				<string>5AD94BEB1DB5BCEE00A6CD66</string>
				<string>5AB0CC2D1D8F840400F05EC1</string>
				<string>5ADA68D51D923B7400EFDF2B</string>
				<string>5ADA68DC1D92573C00EFDF2B</string>
				<string>5ADA68D01D92032600EFDF2B</string>
				<string>5AD94BE21DB4A8C900A6CD66</string>
				<string>5AC3A0801D97BEF100244336</string>
				<string>5AC3A07B1D97B66E00244336</string>
				<string>5AF199171DA3A50000BF2DE0</string>
				<string>5AC3A06C1D9781A300244336</string>
				<string>5AC3A0851D99DA3800244336</string>
				<string>5ADA68EF1D928E0F00EFDF2B</string>
				<string>5ADA68EB1D9284BD00EFDF2B</string>
				<string>5AF199211DA3B4E900BF2DE0</string>
				<string>5AF8AC891D91FF9E000F0578</string>
				<string>5ADA68E61D925BE300EFDF2B</string>
				<string>5AF1991C1DA3B2B200BF2DE0</string>
				<string>5AB0CC2A1D8F840400F05EC1</string>
				<string>5ADA68E01D92576A00EFDF2B</string>
				<string>5AF8AC591D8FE121000F0578</string>
				<string>5AC3A0711D97975B00244336</string>
				<string>5AC3A0761D97A85000244336</string>
				<string>5AF1992B1DA3CE4500BF2DE0</string>
				<string>5ADA69111D93B37200EFDF2B</string>
				<string>5AF8AC5F1D90D4E2000F0578</string>
				<string>5AF8AC711D911B85000F0578</string>
				<string>5ADA69161D93CFAE00EFDF2B</string>
			</array>
			<key>isa</key>
			<string>PBXSourcesBuildPhase</string>
			<key>runOnlyForDeploymentPostprocessing</key>
			<string>0</string>
		</dict>
		<key>5AB0CC221D8F840400F05EC1</key>
		<dict>
			<key>buildActionMask</key>
			<string>2147483647</string>
			<key>files</key>
			<array>
				<string>A70556D294A247DB1E790AF6</string>
			</array>
			<key>isa</key>
			<string>PBXFrameworksBuildPhase</string>
			<key>runOnlyForDeploymentPostprocessing</key>
			<string>0</string>
		</dict>
		<key>5AB0CC231D8F840400F05EC1</key>
		<dict>
			<key>buildActionMask</key>
			<string>2147483647</string>
			<key>files</key>
			<array>
				<string>5AC3A06D1D9781A300244336</string>
				<string>5AB0CC381D8F840400F05EC1</string>
				<string>5AF199221DA3B4E900BF2DE0</string>
				<string>5AD94C041DB5D54500A6CD66</string>
				<string>5ADA69171D93CFAE00EFDF2B</string>
				<string>5AD94C131DB5EB2A00A6CD66</string>
				<string>5ADA68E71D925BE300EFDF2B</string>
				<string>5AD94C1D1DB5F3A000A6CD66</string>
				<string>5AD94C0E1DB5E97100A6CD66</string>
				<string>5ADA68DD1D92573C00EFDF2B</string>
				<string>5AD94BFA1DB5D38600A6CD66</string>
				<string>5AB0CC351D8F840400F05EC1</string>
				<string>5AC3A07C1D97B66E00244336</string>
				<string>5AC3A0771D97A85000244336</string>
				<string>5AC3A0721D97975B00244336</string>
				<string>5AD94C091DB5D57D00A6CD66</string>
				<string>5AD94BFF1DB5D51400A6CD66</string>
				<string>5ADA68D11D92032600EFDF2B</string>
				<string>5AF8AC7C1D913D91000F0578</string>
				<string>5AB0CC331D8F840400F05EC1</string>
				<string>5ADA68D61D923B7400EFDF2B</string>
				<string>5ADA69121D93B37200EFDF2B</string>
				<string>5AF8AC721D911B85000F0578</string>
				<string>5AF199131DA3A1FB00BF2DE0</string>
				<string>5AD94BF91DB5C4ED00A6CD66</string>
				<string>5AD94C181DB5F2FE00A6CD66</string>
				<string>5AD94C221DB5F5A900A6CD66</string>
				<string>5AF199271DA3CCE000BF2DE0</string>
				<string>5AF8AC661D90D95E000F0578</string>
				<string>5AC3A0861D99DA3800244336</string>
				<string>5AD94BEC1DB5BDB300A6CD66</string>
			</array>
			<key>isa</key>
			<string>PBXResourcesBuildPhase</string>
			<key>runOnlyForDeploymentPostprocessing</key>
			<string>0</string>
		</dict>
		<key>5AB0CC241D8F840400F05EC1</key>
		<dict>
			<key>buildConfigurationList</key>
			<string>5AB0CC3C1D8F840400F05EC1</string>
			<key>buildPhases</key>
			<array>
				<string>5422B3F2C97FFEE92BCC64DF</string>
				<string>241921FF02E731D044D1CA23</string>
				<string>5AB0CC211D8F840400F05EC1</string>
				<string>5AB0CC221D8F840400F05EC1</string>
				<string>5AB0CC231D8F840400F05EC1</string>
				<string>5AF8AC851D915D27000F0578</string>
				<string>26A6A5098B7990B4608FCC56</string>
				<string>79297A287FD0878099942094</string>
				<string>275EA3EAE9405F5E61FBA0BD</string>
				<string>D1ABCD466F28D76DA64F71EE</string>
			</array>
			<key>buildRules</key>
			<array/>
			<key>dependencies</key>
			<array/>
			<key>isa</key>
			<string>PBXNativeTarget</string>
			<key>name</key>
			<string>SendBird-iOS</string>
			<key>productName</key>
			<string>SendBird-iOS</string>
			<key>productReference</key>
			<string>5AB0CC251D8F840400F05EC1</string>
			<key>productType</key>
			<string>com.apple.product-type.application</string>
		</dict>
		<key>5AB0CC251D8F840400F05EC1</key>
		<dict>
			<key>explicitFileType</key>
			<string>wrapper.application</string>
			<key>includeInIndex</key>
			<string>0</string>
			<key>isa</key>
			<string>PBXFileReference</string>
			<key>path</key>
			<string>SendBird-iOS.app</string>
			<key>sourceTree</key>
			<string>BUILT_PRODUCTS_DIR</string>
		</dict>
		<key>5AB0CC261D8F840400F05EC1</key>
		<dict>
			<key>children</key>
			<array>
				<string>5AB0CC251D8F840400F05EC1</string>
			</array>
			<key>isa</key>
			<string>PBXGroup</string>
			<key>name</key>
			<string>Products</string>
			<key>sourceTree</key>
			<string>&lt;group&gt;</string>
		</dict>
		<key>5AB0CC271D8F840400F05EC1</key>
		<dict>
			<key>children</key>
			<array>
				<string>5AC3A0871D9B688600244336</string>
				<string>5ADA68D71D9256FB00EFDF2B</string>
				<string>5ADA68EC1D928DFD00EFDF2B</string>
				<string>5AF8AC6C1D911ACC000F0578</string>
				<string>5AF8AC551D8FE104000F0578</string>
				<string>5AF8AC5B1D90D493000F0578</string>
				<string>5ADA68E81D92849900EFDF2B</string>
				<string>5AB0CC281D8F840400F05EC1</string>
				<string>5AB0CC2B1D8F840400F05EC1</string>
				<string>5AB0CC341D8F840400F05EC1</string>
				<string>5AB0CC2C1D8F840400F05EC1</string>
				<string>5AB0CC391D8F840400F05EC1</string>
				<string>5AB0CC361D8F840400F05EC1</string>
				<string>5AB0CC311D8F840400F05EC1</string>
				<string>5AB0CC2E1D8F840400F05EC1</string>
				<string>5AB0CC2F1D8F840400F05EC1</string>
				<string>BD86F1E9FEE8C96BFBA0FF0C</string>
			</array>
			<key>isa</key>
			<string>PBXGroup</string>
			<key>path</key>
			<string>SendBird-iOS</string>
			<key>sourceTree</key>
			<string>&lt;group&gt;</string>
		</dict>
		<key>5AB0CC281D8F840400F05EC1</key>
		<dict>
			<key>children</key>
			<array>
				<string>5AB0CC291D8F840400F05EC1</string>
			</array>
			<key>isa</key>
			<string>PBXGroup</string>
			<key>path</key>
			<string>Supporting Files</string>
			<key>sourceTree</key>
			<string>&lt;group&gt;</string>
		</dict>
		<key>5AB0CC291D8F840400F05EC1</key>
		<dict>
			<key>isa</key>
			<string>PBXFileReference</string>
			<key>lastKnownFileType</key>
			<string>sourcecode.c.objc</string>
			<key>path</key>
			<string>main.m</string>
			<key>sourceTree</key>
			<string>&lt;group&gt;</string>
		</dict>
		<key>5AB0CC2A1D8F840400F05EC1</key>
		<dict>
			<key>fileRef</key>
			<string>5AB0CC291D8F840400F05EC1</string>
			<key>isa</key>
			<string>PBXBuildFile</string>
		</dict>
		<key>5AB0CC2B1D8F840400F05EC1</key>
		<dict>
			<key>isa</key>
			<string>PBXFileReference</string>
			<key>lastKnownFileType</key>
			<string>sourcecode.c.h</string>
			<key>path</key>
			<string>AppDelegate.h</string>
			<key>sourceTree</key>
			<string>&lt;group&gt;</string>
		</dict>
		<key>5AB0CC2C1D8F840400F05EC1</key>
		<dict>
			<key>isa</key>
			<string>PBXFileReference</string>
			<key>lastKnownFileType</key>
			<string>sourcecode.c.objc</string>
			<key>path</key>
			<string>AppDelegate.m</string>
			<key>sourceTree</key>
			<string>&lt;group&gt;</string>
		</dict>
		<key>5AB0CC2D1D8F840400F05EC1</key>
		<dict>
			<key>fileRef</key>
			<string>5AB0CC2C1D8F840400F05EC1</string>
			<key>isa</key>
			<string>PBXBuildFile</string>
		</dict>
		<key>5AB0CC2E1D8F840400F05EC1</key>
		<dict>
			<key>isa</key>
			<string>PBXFileReference</string>
			<key>lastKnownFileType</key>
			<string>sourcecode.c.h</string>
			<key>path</key>
			<string>ViewController.h</string>
			<key>sourceTree</key>
			<string>&lt;group&gt;</string>
		</dict>
		<key>5AB0CC2F1D8F840400F05EC1</key>
		<dict>
			<key>isa</key>
			<string>PBXFileReference</string>
			<key>lastKnownFileType</key>
			<string>sourcecode.c.objc</string>
			<key>path</key>
			<string>ViewController.m</string>
			<key>sourceTree</key>
			<string>&lt;group&gt;</string>
		</dict>
		<key>5AB0CC301D8F840400F05EC1</key>
		<dict>
			<key>fileRef</key>
			<string>5AB0CC2F1D8F840400F05EC1</string>
			<key>isa</key>
			<string>PBXBuildFile</string>
		</dict>
		<key>5AB0CC311D8F840400F05EC1</key>
		<dict>
			<key>children</key>
			<array>
				<string>5AB0CC321D8F840400F05EC1</string>
				<string>5AD94BF41DB5C08700A6CD66</string>
			</array>
			<key>isa</key>
			<string>PBXVariantGroup</string>
			<key>name</key>
			<string>Main.storyboard</string>
			<key>path</key>
			<string>.</string>
			<key>sourceTree</key>
			<string>&lt;group&gt;</string>
		</dict>
		<key>5AB0CC321D8F840400F05EC1</key>
		<dict>
			<key>isa</key>
			<string>PBXFileReference</string>
			<key>lastKnownFileType</key>
			<string>file.storyboard</string>
			<key>name</key>
			<string>Base</string>
			<key>path</key>
			<string>Base.lproj/Main.storyboard</string>
			<key>sourceTree</key>
			<string>&lt;group&gt;</string>
		</dict>
		<key>5AB0CC331D8F840400F05EC1</key>
		<dict>
			<key>fileRef</key>
			<string>5AB0CC311D8F840400F05EC1</string>
			<key>isa</key>
			<string>PBXBuildFile</string>
		</dict>
		<key>5AB0CC341D8F840400F05EC1</key>
		<dict>
			<key>isa</key>
			<string>PBXFileReference</string>
			<key>lastKnownFileType</key>
			<string>folder.assetcatalog</string>
			<key>path</key>
			<string>Assets.xcassets</string>
			<key>sourceTree</key>
			<string>&lt;group&gt;</string>
		</dict>
		<key>5AB0CC351D8F840400F05EC1</key>
		<dict>
			<key>fileRef</key>
			<string>5AB0CC341D8F840400F05EC1</string>
			<key>isa</key>
			<string>PBXBuildFile</string>
		</dict>
		<key>5AB0CC361D8F840400F05EC1</key>
		<dict>
			<key>children</key>
			<array>
				<string>5AB0CC371D8F840400F05EC1</string>
				<string>5AD94BF31DB5C04A00A6CD66</string>
			</array>
			<key>isa</key>
			<string>PBXVariantGroup</string>
			<key>name</key>
			<string>LaunchScreen.storyboard</string>
			<key>path</key>
			<string>.</string>
			<key>sourceTree</key>
			<string>&lt;group&gt;</string>
		</dict>
		<key>5AB0CC371D8F840400F05EC1</key>
		<dict>
			<key>isa</key>
			<string>PBXFileReference</string>
			<key>lastKnownFileType</key>
			<string>file.storyboard</string>
			<key>name</key>
			<string>Base</string>
			<key>path</key>
			<string>Base.lproj/LaunchScreen.storyboard</string>
			<key>sourceTree</key>
			<string>&lt;group&gt;</string>
		</dict>
		<key>5AB0CC381D8F840400F05EC1</key>
		<dict>
			<key>fileRef</key>
			<string>5AB0CC361D8F840400F05EC1</string>
			<key>isa</key>
			<string>PBXBuildFile</string>
		</dict>
		<key>5AB0CC391D8F840400F05EC1</key>
		<dict>
			<key>isa</key>
			<string>PBXFileReference</string>
			<key>lastKnownFileType</key>
			<string>text.plist.xml</string>
			<key>path</key>
			<string>Info.plist</string>
			<key>sourceTree</key>
			<string>&lt;group&gt;</string>
		</dict>
		<key>5AB0CC3A1D8F840400F05EC1</key>
		<dict>
			<key>buildSettings</key>
			<dict>
				<key>ALWAYS_SEARCH_USER_PATHS</key>
				<string>NO</string>
				<key>CLANG_ANALYZER_LOCALIZABILITY_NONLOCALIZED</key>
				<string>YES</string>
				<key>CLANG_ANALYZER_NONNULL</key>
				<string>YES</string>
				<key>CLANG_CXX_LANGUAGE_STANDARD</key>
				<string>gnu++0x</string>
				<key>CLANG_CXX_LIBRARY</key>
				<string>libc++</string>
				<key>CLANG_ENABLE_MODULES</key>
				<string>YES</string>
				<key>CLANG_ENABLE_OBJC_ARC</key>
				<string>YES</string>
				<key>CLANG_WARN_BOOL_CONVERSION</key>
				<string>YES</string>
				<key>CLANG_WARN_CONSTANT_CONVERSION</key>
				<string>YES</string>
				<key>CLANG_WARN_DIRECT_OBJC_ISA_USAGE</key>
				<string>YES_ERROR</string>
				<key>CLANG_WARN_DOCUMENTATION_COMMENTS</key>
				<string>YES</string>
				<key>CLANG_WARN_EMPTY_BODY</key>
				<string>YES</string>
				<key>CLANG_WARN_ENUM_CONVERSION</key>
				<string>YES</string>
				<key>CLANG_WARN_INFINITE_RECURSION</key>
				<string>YES</string>
				<key>CLANG_WARN_INT_CONVERSION</key>
				<string>YES</string>
				<key>CLANG_WARN_OBJC_ROOT_CLASS</key>
				<string>YES_ERROR</string>
				<key>CLANG_WARN_SUSPICIOUS_MOVES</key>
				<string>YES</string>
				<key>CLANG_WARN_UNREACHABLE_CODE</key>
				<string>YES</string>
				<key>CLANG_WARN__DUPLICATE_METHOD_MATCH</key>
				<string>YES</string>
				<key>CODE_SIGN_IDENTITY[sdk=iphoneos*]</key>
				<string>iPhone Developer</string>
				<key>COPY_PHASE_STRIP</key>
				<string>NO</string>
				<key>DEBUG_INFORMATION_FORMAT</key>
				<string>dwarf</string>
				<key>ENABLE_STRICT_OBJC_MSGSEND</key>
				<string>YES</string>
				<key>ENABLE_TESTABILITY</key>
				<string>YES</string>
				<key>GCC_C_LANGUAGE_STANDARD</key>
				<string>gnu99</string>
				<key>GCC_DYNAMIC_NO_PIC</key>
				<string>NO</string>
				<key>GCC_NO_COMMON_BLOCKS</key>
				<string>YES</string>
				<key>GCC_OPTIMIZATION_LEVEL</key>
				<string>0</string>
				<key>GCC_PREPROCESSOR_DEFINITIONS</key>
				<array>
					<string>DEBUG=1</string>
					<string>$(inherited)</string>
				</array>
				<key>GCC_WARN_64_TO_32_BIT_CONVERSION</key>
				<string>YES</string>
				<key>GCC_WARN_ABOUT_RETURN_TYPE</key>
				<string>YES_ERROR</string>
				<key>GCC_WARN_UNDECLARED_SELECTOR</key>
				<string>YES</string>
				<key>GCC_WARN_UNINITIALIZED_AUTOS</key>
				<string>YES_AGGRESSIVE</string>
				<key>GCC_WARN_UNUSED_FUNCTION</key>
				<string>YES</string>
				<key>GCC_WARN_UNUSED_VARIABLE</key>
				<string>YES</string>
				<key>IPHONEOS_DEPLOYMENT_TARGET</key>
				<string>8.0</string>
				<key>MTL_ENABLE_DEBUG_INFO</key>
				<string>YES</string>
				<key>ONLY_ACTIVE_ARCH</key>
				<string>YES</string>
				<key>PRODUCT_NAME</key>
				<string>SendBird-iOS</string>
				<key>SDKROOT</key>
				<string>iphoneos</string>
				<key>TARGETED_DEVICE_FAMILY</key>
				<string>1,2</string>
			</dict>
			<key>isa</key>
			<string>XCBuildConfiguration</string>
			<key>name</key>
			<string>Debug</string>
		</dict>
		<key>5AB0CC3B1D8F840400F05EC1</key>
		<dict>
			<key>buildSettings</key>
			<dict>
				<key>ALWAYS_SEARCH_USER_PATHS</key>
				<string>NO</string>
				<key>CLANG_ANALYZER_LOCALIZABILITY_NONLOCALIZED</key>
				<string>YES</string>
				<key>CLANG_ANALYZER_NONNULL</key>
				<string>YES</string>
				<key>CLANG_CXX_LANGUAGE_STANDARD</key>
				<string>gnu++0x</string>
				<key>CLANG_CXX_LIBRARY</key>
				<string>libc++</string>
				<key>CLANG_ENABLE_MODULES</key>
				<string>YES</string>
				<key>CLANG_ENABLE_OBJC_ARC</key>
				<string>YES</string>
				<key>CLANG_WARN_BOOL_CONVERSION</key>
				<string>YES</string>
				<key>CLANG_WARN_CONSTANT_CONVERSION</key>
				<string>YES</string>
				<key>CLANG_WARN_DIRECT_OBJC_ISA_USAGE</key>
				<string>YES_ERROR</string>
				<key>CLANG_WARN_DOCUMENTATION_COMMENTS</key>
				<string>YES</string>
				<key>CLANG_WARN_EMPTY_BODY</key>
				<string>YES</string>
				<key>CLANG_WARN_ENUM_CONVERSION</key>
				<string>YES</string>
				<key>CLANG_WARN_INFINITE_RECURSION</key>
				<string>YES</string>
				<key>CLANG_WARN_INT_CONVERSION</key>
				<string>YES</string>
				<key>CLANG_WARN_OBJC_ROOT_CLASS</key>
				<string>YES_ERROR</string>
				<key>CLANG_WARN_SUSPICIOUS_MOVES</key>
				<string>YES</string>
				<key>CLANG_WARN_UNREACHABLE_CODE</key>
				<string>YES</string>
				<key>CLANG_WARN__DUPLICATE_METHOD_MATCH</key>
				<string>YES</string>
				<key>CODE_SIGN_IDENTITY[sdk=iphoneos*]</key>
				<string>iPhone Developer</string>
				<key>COPY_PHASE_STRIP</key>
				<string>NO</string>
				<key>DEBUG_INFORMATION_FORMAT</key>
				<string>dwarf-with-dsym</string>
				<key>ENABLE_NS_ASSERTIONS</key>
				<string>NO</string>
				<key>ENABLE_STRICT_OBJC_MSGSEND</key>
				<string>YES</string>
				<key>GCC_C_LANGUAGE_STANDARD</key>
				<string>gnu99</string>
				<key>GCC_NO_COMMON_BLOCKS</key>
				<string>YES</string>
				<key>GCC_WARN_64_TO_32_BIT_CONVERSION</key>
				<string>YES</string>
				<key>GCC_WARN_ABOUT_RETURN_TYPE</key>
				<string>YES_ERROR</string>
				<key>GCC_WARN_UNDECLARED_SELECTOR</key>
				<string>YES</string>
				<key>GCC_WARN_UNINITIALIZED_AUTOS</key>
				<string>YES_AGGRESSIVE</string>
				<key>GCC_WARN_UNUSED_FUNCTION</key>
				<string>YES</string>
				<key>GCC_WARN_UNUSED_VARIABLE</key>
				<string>YES</string>
				<key>IPHONEOS_DEPLOYMENT_TARGET</key>
				<string>8.0</string>
				<key>MTL_ENABLE_DEBUG_INFO</key>
				<string>NO</string>
				<key>PRODUCT_NAME</key>
				<string>SendBird-iOS</string>
				<key>SDKROOT</key>
				<string>iphoneos</string>
				<key>TARGETED_DEVICE_FAMILY</key>
				<string>1,2</string>
				<key>VALIDATE_PRODUCT</key>
				<string>YES</string>
			</dict>
			<key>isa</key>
			<string>XCBuildConfiguration</string>
			<key>name</key>
			<string>Release</string>
		</dict>
		<key>5AB0CC3C1D8F840400F05EC1</key>
		<dict>
			<key>buildConfigurations</key>
			<array>
				<string>5AB0CC3D1D8F840400F05EC1</string>
				<string>5AB0CC3E1D8F840400F05EC1</string>
			</array>
			<key>defaultConfigurationIsVisible</key>
			<string>0</string>
			<key>defaultConfigurationName</key>
			<string>Release</string>
			<key>isa</key>
			<string>XCConfigurationList</string>
		</dict>
		<key>5AB0CC3D1D8F840400F05EC1</key>
		<dict>
			<key>baseConfigurationReference</key>
			<string>095040316A653E09BB5B08B5</string>
			<key>buildSettings</key>
			<dict>
				<key>ASSETCATALOG_COMPILER_APPICON_NAME</key>
				<string>AppIcon</string>
				<key>CODE_SIGN_ENTITLEMENTS</key>
				<string>SendBird-iOS/SendBird-iOS.entitlements</string>
				<key>CODE_SIGN_IDENTITY[sdk=iphoneos*]</key>
				<string>iPhone Developer</string>
				<key>DEVELOPMENT_TEAM</key>
				<string>8K8M9F9X95</string>
				<key>EMBED_ASSET_PACKS_IN_PRODUCT_BUNDLE</key>
				<string>NO</string>
				<key>FRAMEWORK_SEARCH_PATHS</key>
				<string>$(inherited)</string>
				<key>INFOPLIST_FILE</key>
				<string>SendBird-iOS/Info.plist</string>
				<key>IPHONEOS_DEPLOYMENT_TARGET</key>
				<string>8.0</string>
				<key>LD_RUNPATH_SEARCH_PATHS</key>
				<string>$(inherited) @executable_path/Frameworks</string>
				<key>PRODUCT_BUNDLE_IDENTIFIER</key>
				<string>com.sendbird.sample</string>
				<key>PRODUCT_NAME</key>
				<string>$(TARGET_NAME)</string>
			</dict>
			<key>isa</key>
			<string>XCBuildConfiguration</string>
			<key>name</key>
			<string>Debug</string>
		</dict>
		<key>5AB0CC3E1D8F840400F05EC1</key>
		<dict>
			<key>baseConfigurationReference</key>
			<string>1364F5B22175AB53DD65C48E</string>
			<key>buildSettings</key>
			<dict>
				<key>ASSETCATALOG_COMPILER_APPICON_NAME</key>
				<string>AppIcon</string>
				<key>CODE_SIGN_ENTITLEMENTS</key>
				<string>SendBird-iOS/SendBird-iOS.entitlements</string>
				<key>CODE_SIGN_IDENTITY[sdk=iphoneos*]</key>
				<string>iPhone Developer</string>
				<key>DEVELOPMENT_TEAM</key>
				<string>8K8M9F9X95</string>
				<key>EMBED_ASSET_PACKS_IN_PRODUCT_BUNDLE</key>
				<string>NO</string>
				<key>FRAMEWORK_SEARCH_PATHS</key>
				<string>$(inherited)</string>
				<key>INFOPLIST_FILE</key>
				<string>SendBird-iOS/Info.plist</string>
				<key>IPHONEOS_DEPLOYMENT_TARGET</key>
				<string>8.0</string>
				<key>LD_RUNPATH_SEARCH_PATHS</key>
				<string>$(inherited) @executable_path/Frameworks</string>
				<key>PRODUCT_BUNDLE_IDENTIFIER</key>
				<string>com.sendbird.sample</string>
				<key>PRODUCT_NAME</key>
				<string>$(TARGET_NAME)</string>
			</dict>
			<key>isa</key>
			<string>XCBuildConfiguration</string>
			<key>name</key>
			<string>Release</string>
		</dict>
		<key>5AC3A0691D9781A300244336</key>
		<dict>
			<key>fileEncoding</key>
			<string>4</string>
			<key>isa</key>
			<string>PBXFileReference</string>
			<key>lastKnownFileType</key>
			<string>sourcecode.c.h</string>
			<key>path</key>
			<string>IncomingFileMessageTableViewCell.h</string>
			<key>sourceTree</key>
			<string>&lt;group&gt;</string>
		</dict>
		<key>5AC3A06A1D9781A300244336</key>
		<dict>
			<key>fileEncoding</key>
			<string>4</string>
			<key>isa</key>
			<string>PBXFileReference</string>
			<key>lastKnownFileType</key>
			<string>sourcecode.c.objc</string>
			<key>path</key>
			<string>IncomingFileMessageTableViewCell.m</string>
			<key>sourceTree</key>
			<string>&lt;group&gt;</string>
		</dict>
		<key>5AC3A06B1D9781A300244336</key>
		<dict>
			<key>fileEncoding</key>
			<string>4</string>
			<key>isa</key>
			<string>PBXFileReference</string>
			<key>lastKnownFileType</key>
			<string>file.xib</string>
			<key>path</key>
			<string>IncomingFileMessageTableViewCell.xib</string>
			<key>sourceTree</key>
			<string>&lt;group&gt;</string>
		</dict>
		<key>5AC3A06C1D9781A300244336</key>
		<dict>
			<key>fileRef</key>
			<string>5AC3A06A1D9781A300244336</string>
			<key>isa</key>
			<string>PBXBuildFile</string>
		</dict>
		<key>5AC3A06D1D9781A300244336</key>
		<dict>
			<key>fileRef</key>
			<string>5AC3A06B1D9781A300244336</string>
			<key>isa</key>
			<string>PBXBuildFile</string>
		</dict>
		<key>5AC3A06E1D97975B00244336</key>
		<dict>
			<key>fileEncoding</key>
			<string>4</string>
			<key>isa</key>
			<string>PBXFileReference</string>
			<key>lastKnownFileType</key>
			<string>sourcecode.c.h</string>
			<key>path</key>
			<string>OutgoingImageFileMessageTableViewCell.h</string>
			<key>sourceTree</key>
			<string>&lt;group&gt;</string>
		</dict>
		<key>5AC3A06F1D97975B00244336</key>
		<dict>
			<key>fileEncoding</key>
			<string>4</string>
			<key>isa</key>
			<string>PBXFileReference</string>
			<key>lastKnownFileType</key>
			<string>sourcecode.c.objc</string>
			<key>path</key>
			<string>OutgoingImageFileMessageTableViewCell.m</string>
			<key>sourceTree</key>
			<string>&lt;group&gt;</string>
		</dict>
		<key>5AC3A0701D97975B00244336</key>
		<dict>
			<key>fileEncoding</key>
			<string>4</string>
			<key>isa</key>
			<string>PBXFileReference</string>
			<key>lastKnownFileType</key>
			<string>file.xib</string>
			<key>path</key>
			<string>OutgoingImageFileMessageTableViewCell.xib</string>
			<key>sourceTree</key>
			<string>&lt;group&gt;</string>
		</dict>
		<key>5AC3A0711D97975B00244336</key>
		<dict>
			<key>fileRef</key>
			<string>5AC3A06F1D97975B00244336</string>
			<key>isa</key>
			<string>PBXBuildFile</string>
		</dict>
		<key>5AC3A0721D97975B00244336</key>
		<dict>
			<key>fileRef</key>
			<string>5AC3A0701D97975B00244336</string>
			<key>isa</key>
			<string>PBXBuildFile</string>
		</dict>
		<key>5AC3A0731D97A85000244336</key>
		<dict>
			<key>fileEncoding</key>
			<string>4</string>
			<key>isa</key>
			<string>PBXFileReference</string>
			<key>lastKnownFileType</key>
			<string>sourcecode.c.h</string>
			<key>path</key>
			<string>OutgoingFileMessageTableViewCell.h</string>
			<key>sourceTree</key>
			<string>&lt;group&gt;</string>
		</dict>
		<key>5AC3A0741D97A85000244336</key>
		<dict>
			<key>fileEncoding</key>
			<string>4</string>
			<key>isa</key>
			<string>PBXFileReference</string>
			<key>lastKnownFileType</key>
			<string>sourcecode.c.objc</string>
			<key>path</key>
			<string>OutgoingFileMessageTableViewCell.m</string>
			<key>sourceTree</key>
			<string>&lt;group&gt;</string>
		</dict>
		<key>5AC3A0751D97A85000244336</key>
		<dict>
			<key>fileEncoding</key>
			<string>4</string>
			<key>isa</key>
			<string>PBXFileReference</string>
			<key>lastKnownFileType</key>
			<string>file.xib</string>
			<key>path</key>
			<string>OutgoingFileMessageTableViewCell.xib</string>
			<key>sourceTree</key>
			<string>&lt;group&gt;</string>
		</dict>
		<key>5AC3A0761D97A85000244336</key>
		<dict>
			<key>fileRef</key>
			<string>5AC3A0741D97A85000244336</string>
			<key>isa</key>
			<string>PBXBuildFile</string>
		</dict>
		<key>5AC3A0771D97A85000244336</key>
		<dict>
			<key>fileRef</key>
			<string>5AC3A0751D97A85000244336</string>
			<key>isa</key>
			<string>PBXBuildFile</string>
		</dict>
		<key>5AC3A0781D97B66E00244336</key>
		<dict>
			<key>fileEncoding</key>
			<string>4</string>
			<key>isa</key>
			<string>PBXFileReference</string>
			<key>lastKnownFileType</key>
			<string>sourcecode.c.h</string>
			<key>path</key>
			<string>IncomingImageFileMessageTableViewCell.h</string>
			<key>sourceTree</key>
			<string>&lt;group&gt;</string>
		</dict>
		<key>5AC3A0791D97B66E00244336</key>
		<dict>
			<key>fileEncoding</key>
			<string>4</string>
			<key>isa</key>
			<string>PBXFileReference</string>
			<key>lastKnownFileType</key>
			<string>sourcecode.c.objc</string>
			<key>path</key>
			<string>IncomingImageFileMessageTableViewCell.m</string>
			<key>sourceTree</key>
			<string>&lt;group&gt;</string>
		</dict>
		<key>5AC3A07A1D97B66E00244336</key>
		<dict>
			<key>fileEncoding</key>
			<string>4</string>
			<key>isa</key>
			<string>PBXFileReference</string>
			<key>lastKnownFileType</key>
			<string>file.xib</string>
			<key>path</key>
			<string>IncomingImageFileMessageTableViewCell.xib</string>
			<key>sourceTree</key>
			<string>&lt;group&gt;</string>
		</dict>
		<key>5AC3A07B1D97B66E00244336</key>
		<dict>
			<key>fileRef</key>
			<string>5AC3A0791D97B66E00244336</string>
			<key>isa</key>
			<string>PBXBuildFile</string>
		</dict>
		<key>5AC3A07C1D97B66E00244336</key>
		<dict>
			<key>fileRef</key>
			<string>5AC3A07A1D97B66E00244336</string>
			<key>isa</key>
			<string>PBXBuildFile</string>
		</dict>
		<key>5AC3A07D1D97BEF100244336</key>
		<dict>
			<key>fileEncoding</key>
			<string>4</string>
			<key>isa</key>
			<string>PBXFileReference</string>
			<key>lastKnownFileType</key>
			<string>sourcecode.c.h</string>
			<key>path</key>
			<string>CreateGroupChannelSelectOptionViewController.h</string>
			<key>sourceTree</key>
			<string>&lt;group&gt;</string>
		</dict>
		<key>5AC3A07E1D97BEF100244336</key>
		<dict>
			<key>fileEncoding</key>
			<string>4</string>
			<key>isa</key>
			<string>PBXFileReference</string>
			<key>lastKnownFileType</key>
			<string>sourcecode.c.objc</string>
			<key>path</key>
			<string>CreateGroupChannelSelectOptionViewController.m</string>
			<key>sourceTree</key>
			<string>&lt;group&gt;</string>
		</dict>
		<key>5AC3A0801D97BEF100244336</key>
		<dict>
			<key>fileRef</key>
			<string>5AC3A07E1D97BEF100244336</string>
			<key>isa</key>
			<string>PBXBuildFile</string>
		</dict>
		<key>5AC3A0821D99DA3800244336</key>
		<dict>
			<key>fileEncoding</key>
			<string>4</string>
			<key>isa</key>
			<string>PBXFileReference</string>
			<key>lastKnownFileType</key>
			<string>sourcecode.c.h</string>
			<key>path</key>
			<string>GroupChannelChattingViewController.h</string>
			<key>sourceTree</key>
			<string>&lt;group&gt;</string>
		</dict>
		<key>5AC3A0831D99DA3800244336</key>
		<dict>
			<key>fileEncoding</key>
			<string>4</string>
			<key>isa</key>
			<string>PBXFileReference</string>
			<key>lastKnownFileType</key>
			<string>sourcecode.c.objc</string>
			<key>path</key>
			<string>GroupChannelChattingViewController.m</string>
			<key>sourceTree</key>
			<string>&lt;group&gt;</string>
		</dict>
		<key>5AC3A0841D99DA3800244336</key>
		<dict>
			<key>fileEncoding</key>
			<string>4</string>
			<key>isa</key>
			<string>PBXFileReference</string>
			<key>lastKnownFileType</key>
			<string>file.xib</string>
			<key>path</key>
			<string>GroupChannelChattingViewController.xib</string>
			<key>sourceTree</key>
			<string>&lt;group&gt;</string>
		</dict>
		<key>5AC3A0851D99DA3800244336</key>
		<dict>
			<key>fileRef</key>
			<string>5AC3A0831D99DA3800244336</string>
			<key>isa</key>
			<string>PBXBuildFile</string>
		</dict>
		<key>5AC3A0861D99DA3800244336</key>
		<dict>
			<key>fileRef</key>
			<string>5AC3A0841D99DA3800244336</string>
			<key>isa</key>
			<string>PBXBuildFile</string>
		</dict>
		<key>5AC3A0871D9B688600244336</key>
		<dict>
			<key>isa</key>
			<string>PBXFileReference</string>
			<key>lastKnownFileType</key>
			<string>text.plist.entitlements</string>
			<key>path</key>
			<string>SendBird-iOS.entitlements</string>
			<key>sourceTree</key>
			<string>&lt;group&gt;</string>
		</dict>
		<key>5AD94BE01DB4A8C800A6CD66</key>
		<dict>
			<key>fileEncoding</key>
			<string>4</string>
			<key>isa</key>
			<string>PBXFileReference</string>
			<key>lastKnownFileType</key>
			<string>sourcecode.c.h</string>
			<key>path</key>
			<string>Constants.h</string>
			<key>sourceTree</key>
			<string>&lt;group&gt;</string>
		</dict>
		<key>5AD94BE11DB4A8C900A6CD66</key>
		<dict>
			<key>fileEncoding</key>
			<string>4</string>
			<key>isa</key>
			<string>PBXFileReference</string>
			<key>lastKnownFileType</key>
			<string>sourcecode.c.objc</string>
			<key>path</key>
			<string>Constants.m</string>
			<key>sourceTree</key>
			<string>&lt;group&gt;</string>
		</dict>
		<key>5AD94BE21DB4A8C900A6CD66</key>
		<dict>
			<key>fileRef</key>
			<string>5AD94BE11DB4A8C900A6CD66</string>
			<key>isa</key>
			<string>PBXBuildFile</string>
		</dict>
		<key>5AD94BE91DB5BCEE00A6CD66</key>
		<dict>
			<key>fileEncoding</key>
			<string>4</string>
			<key>isa</key>
			<string>PBXFileReference</string>
			<key>lastKnownFileType</key>
			<string>sourcecode.c.h</string>
			<key>path</key>
			<string>NSBundle+SendBird.h</string>
			<key>sourceTree</key>
			<string>&lt;group&gt;</string>
		</dict>
		<key>5AD94BEA1DB5BCEE00A6CD66</key>
		<dict>
			<key>fileEncoding</key>
			<string>4</string>
			<key>isa</key>
			<string>PBXFileReference</string>
			<key>lastKnownFileType</key>
			<string>sourcecode.c.objc</string>
			<key>path</key>
			<string>NSBundle+SendBird.m</string>
			<key>sourceTree</key>
			<string>&lt;group&gt;</string>
		</dict>
		<key>5AD94BEB1DB5BCEE00A6CD66</key>
		<dict>
			<key>fileRef</key>
			<string>5AD94BEA1DB5BCEE00A6CD66</string>
			<key>isa</key>
			<string>PBXBuildFile</string>
		</dict>
		<key>5AD94BEC1DB5BDB300A6CD66</key>
		<dict>
			<key>fileRef</key>
			<string>5AD94BEE1DB5BDB300A6CD66</string>
			<key>isa</key>
			<string>PBXBuildFile</string>
		</dict>
		<key>5AD94BED1DB5BDB300A6CD66</key>
		<dict>
			<key>isa</key>
			<string>PBXFileReference</string>
			<key>lastKnownFileType</key>
			<string>file.xib</string>
			<key>name</key>
			<string>Base</string>
			<key>path</key>
			<string>Base.lproj/MenuViewController.xib</string>
			<key>sourceTree</key>
			<string>&lt;group&gt;</string>
		</dict>
		<key>5AD94BEE1DB5BDB300A6CD66</key>
		<dict>
			<key>children</key>
			<array>
				<string>5AD94BED1DB5BDB300A6CD66</string>
				<string>5AD94BF51DB5C09C00A6CD66</string>
			</array>
			<key>isa</key>
			<string>PBXVariantGroup</string>
			<key>name</key>
			<string>MenuViewController.xib</string>
			<key>sourceTree</key>
			<string>&lt;group&gt;</string>
		</dict>
		<key>5AD94BF31DB5C04A00A6CD66</key>
		<dict>
			<key>isa</key>
			<string>PBXFileReference</string>
			<key>lastKnownFileType</key>
			<string>file.storyboard</string>
			<key>name</key>
			<string>ko</string>
			<key>path</key>
			<string>ko.lproj/LaunchScreen.storyboard</string>
			<key>sourceTree</key>
			<string>&lt;group&gt;</string>
		</dict>
		<key>5AD94BF41DB5C08700A6CD66</key>
		<dict>
			<key>isa</key>
			<string>PBXFileReference</string>
			<key>lastKnownFileType</key>
			<string>text.plist.strings</string>
			<key>name</key>
			<string>ko</string>
			<key>path</key>
			<string>ko.lproj/Main.strings</string>
			<key>sourceTree</key>
			<string>&lt;group&gt;</string>
		</dict>
		<key>5AD94BF51DB5C09C00A6CD66</key>
		<dict>
			<key>isa</key>
			<string>PBXFileReference</string>
			<key>lastKnownFileType</key>
			<string>text.plist.strings</string>
			<key>name</key>
			<string>ko</string>
			<key>path</key>
			<string>ko.lproj/MenuViewController.strings</string>
			<key>sourceTree</key>
			<string>&lt;group&gt;</string>
		</dict>
		<key>5AD94BF81DB5C4ED00A6CD66</key>
		<dict>
			<key>isa</key>
			<string>PBXFileReference</string>
			<key>lastKnownFileType</key>
			<string>wrapper.plug-in</string>
			<key>path</key>
			<string>SendBird-iOS.bundle</string>
			<key>sourceTree</key>
			<string>&lt;group&gt;</string>
		</dict>
		<key>5AD94BF91DB5C4ED00A6CD66</key>
		<dict>
			<key>fileRef</key>
			<string>5AD94BF81DB5C4ED00A6CD66</string>
			<key>isa</key>
			<string>PBXBuildFile</string>
		</dict>
		<key>5AD94BFA1DB5D38600A6CD66</key>
		<dict>
			<key>fileRef</key>
			<string>5AD94BFC1DB5D38600A6CD66</string>
			<key>isa</key>
			<string>PBXBuildFile</string>
		</dict>
		<key>5AD94BFC1DB5D38600A6CD66</key>
		<dict>
			<key>children</key>
			<array>
				<string>5AD94BFD1DB5D38F00A6CD66</string>
				<string>5AD94BFE1DB5D39600A6CD66</string>
			</array>
			<key>isa</key>
			<string>PBXVariantGroup</string>
			<key>name</key>
			<string>GroupChannelListViewController.xib</string>
			<key>sourceTree</key>
			<string>&lt;group&gt;</string>
		</dict>
		<key>5AD94BFD1DB5D38F00A6CD66</key>
		<dict>
			<key>isa</key>
			<string>PBXFileReference</string>
			<key>lastKnownFileType</key>
			<string>file.xib</string>
			<key>name</key>
			<string>Base</string>
			<key>path</key>
			<string>Base.lproj/GroupChannelListViewController.xib</string>
			<key>sourceTree</key>
			<string>&lt;group&gt;</string>
		</dict>
		<key>5AD94BFE1DB5D39600A6CD66</key>
		<dict>
			<key>isa</key>
			<string>PBXFileReference</string>
			<key>lastKnownFileType</key>
			<string>text.plist.strings</string>
			<key>name</key>
			<string>ko</string>
			<key>path</key>
			<string>ko.lproj/GroupChannelListViewController.strings</string>
			<key>sourceTree</key>
			<string>&lt;group&gt;</string>
		</dict>
		<key>5AD94BFF1DB5D51400A6CD66</key>
		<dict>
			<key>fileRef</key>
			<string>5AD94C011DB5D51400A6CD66</string>
			<key>isa</key>
			<string>PBXBuildFile</string>
		</dict>
		<key>5AD94C011DB5D51400A6CD66</key>
		<dict>
			<key>children</key>
			<array>
				<string>5AD94C021DB5D51800A6CD66</string>
				<string>5AD94C031DB5D51C00A6CD66</string>
			</array>
			<key>isa</key>
			<string>PBXVariantGroup</string>
			<key>name</key>
			<string>MemberListViewController.xib</string>
			<key>sourceTree</key>
			<string>&lt;group&gt;</string>
		</dict>
		<key>5AD94C021DB5D51800A6CD66</key>
		<dict>
			<key>isa</key>
			<string>PBXFileReference</string>
			<key>lastKnownFileType</key>
			<string>file.xib</string>
			<key>name</key>
			<string>Base</string>
			<key>path</key>
			<string>Base.lproj/MemberListViewController.xib</string>
			<key>sourceTree</key>
			<string>&lt;group&gt;</string>
		</dict>
		<key>5AD94C031DB5D51C00A6CD66</key>
		<dict>
			<key>isa</key>
			<string>PBXFileReference</string>
			<key>lastKnownFileType</key>
			<string>text.plist.strings</string>
			<key>name</key>
			<string>ko</string>
			<key>path</key>
			<string>ko.lproj/MemberListViewController.strings</string>
			<key>sourceTree</key>
			<string>&lt;group&gt;</string>
		</dict>
		<key>5AD94C041DB5D54500A6CD66</key>
		<dict>
			<key>fileRef</key>
			<string>5AD94C061DB5D54500A6CD66</string>
			<key>isa</key>
			<string>PBXBuildFile</string>
		</dict>
		<key>5AD94C051DB5D54500A6CD66</key>
		<dict>
			<key>isa</key>
			<string>PBXFileReference</string>
			<key>lastKnownFileType</key>
			<string>file.xib</string>
			<key>name</key>
			<string>Base</string>
			<key>path</key>
			<string>Base.lproj/CreateGroupChannelSelectOptionViewController.xib</string>
			<key>sourceTree</key>
			<string>&lt;group&gt;</string>
		</dict>
		<key>5AD94C061DB5D54500A6CD66</key>
		<dict>
			<key>children</key>
			<array>
				<string>5AD94C051DB5D54500A6CD66</string>
				<string>5AD94C081DB5D54A00A6CD66</string>
			</array>
			<key>isa</key>
			<string>PBXVariantGroup</string>
			<key>name</key>
			<string>CreateGroupChannelSelectOptionViewController.xib</string>
			<key>sourceTree</key>
			<string>&lt;group&gt;</string>
		</dict>
		<key>5AD94C081DB5D54A00A6CD66</key>
		<dict>
			<key>isa</key>
			<string>PBXFileReference</string>
			<key>lastKnownFileType</key>
			<string>text.plist.strings</string>
			<key>name</key>
			<string>ko</string>
			<key>path</key>
			<string>ko.lproj/CreateGroupChannelSelectOptionViewController.strings</string>
			<key>sourceTree</key>
			<string>&lt;group&gt;</string>
		</dict>
		<key>5AD94C091DB5D57D00A6CD66</key>
		<dict>
			<key>fileRef</key>
			<string>5AD94C0B1DB5D57D00A6CD66</string>
			<key>isa</key>
			<string>PBXBuildFile</string>
		</dict>
		<key>5AD94C0A1DB5D57D00A6CD66</key>
		<dict>
			<key>isa</key>
			<string>PBXFileReference</string>
			<key>lastKnownFileType</key>
			<string>file.xib</string>
			<key>name</key>
			<string>Base</string>
			<key>path</key>
			<string>Base.lproj/CreateGroupChannelUserListViewController.xib</string>
			<key>sourceTree</key>
			<string>&lt;group&gt;</string>
		</dict>
		<key>5AD94C0B1DB5D57D00A6CD66</key>
		<dict>
			<key>children</key>
			<array>
				<string>5AD94C0A1DB5D57D00A6CD66</string>
				<string>5AD94C0D1DB5D58000A6CD66</string>
			</array>
			<key>isa</key>
			<string>PBXVariantGroup</string>
			<key>name</key>
			<string>CreateGroupChannelUserListViewController.xib</string>
			<key>sourceTree</key>
			<string>&lt;group&gt;</string>
		</dict>
		<key>5AD94C0D1DB5D58000A6CD66</key>
		<dict>
			<key>isa</key>
			<string>PBXFileReference</string>
			<key>lastKnownFileType</key>
			<string>text.plist.strings</string>
			<key>name</key>
			<string>ko</string>
			<key>path</key>
			<string>ko.lproj/CreateGroupChannelUserListViewController.strings</string>
			<key>sourceTree</key>
			<string>&lt;group&gt;</string>
		</dict>
		<key>5AD94C0E1DB5E97100A6CD66</key>
		<dict>
			<key>fileRef</key>
			<string>5AD94C101DB5E97100A6CD66</string>
			<key>isa</key>
			<string>PBXBuildFile</string>
		</dict>
		<key>5AD94C0F1DB5E97100A6CD66</key>
		<dict>
			<key>isa</key>
			<string>PBXFileReference</string>
			<key>lastKnownFileType</key>
			<string>file.xib</string>
			<key>name</key>
			<string>Base</string>
			<key>path</key>
			<string>Base.lproj/BlockedUserListViewController.xib</string>
			<key>sourceTree</key>
			<string>&lt;group&gt;</string>
		</dict>
		<key>5AD94C101DB5E97100A6CD66</key>
		<dict>
			<key>children</key>
			<array>
				<string>5AD94C0F1DB5E97100A6CD66</string>
				<string>5AD94C121DB5E97300A6CD66</string>
			</array>
			<key>isa</key>
			<string>PBXVariantGroup</string>
			<key>name</key>
			<string>BlockedUserListViewController.xib</string>
			<key>sourceTree</key>
			<string>&lt;group&gt;</string>
		</dict>
		<key>5AD94C121DB5E97300A6CD66</key>
		<dict>
			<key>isa</key>
			<string>PBXFileReference</string>
			<key>lastKnownFileType</key>
			<string>text.plist.strings</string>
			<key>name</key>
			<string>ko</string>
			<key>path</key>
			<string>ko.lproj/BlockedUserListViewController.strings</string>
			<key>sourceTree</key>
			<string>&lt;group&gt;</string>
		</dict>
		<key>5AD94C131DB5EB2A00A6CD66</key>
		<dict>
			<key>fileRef</key>
			<string>5AD94C151DB5EB2A00A6CD66</string>
			<key>isa</key>
			<string>PBXBuildFile</string>
		</dict>
		<key>5AD94C141DB5EB2A00A6CD66</key>
		<dict>
			<key>isa</key>
			<string>PBXFileReference</string>
			<key>lastKnownFileType</key>
			<string>file.xib</string>
			<key>name</key>
			<string>Base</string>
			<key>path</key>
			<string>Base.lproj/CreateOpenChannelViewController.xib</string>
			<key>sourceTree</key>
			<string>&lt;group&gt;</string>
		</dict>
		<key>5AD94C151DB5EB2A00A6CD66</key>
		<dict>
			<key>children</key>
			<array>
				<string>5AD94C141DB5EB2A00A6CD66</string>
				<string>5AD94C171DB5EB2D00A6CD66</string>
			</array>
			<key>isa</key>
			<string>PBXVariantGroup</string>
			<key>name</key>
			<string>CreateOpenChannelViewController.xib</string>
			<key>sourceTree</key>
			<string>&lt;group&gt;</string>
		</dict>
		<key>5AD94C171DB5EB2D00A6CD66</key>
		<dict>
			<key>isa</key>
			<string>PBXFileReference</string>
			<key>lastKnownFileType</key>
			<string>text.plist.strings</string>
			<key>name</key>
			<string>ko</string>
			<key>path</key>
			<string>ko.lproj/CreateOpenChannelViewController.strings</string>
			<key>sourceTree</key>
			<string>&lt;group&gt;</string>
		</dict>
		<key>5AD94C181DB5F2FE00A6CD66</key>
		<dict>
			<key>fileRef</key>
			<string>5AD94C1A1DB5F2FE00A6CD66</string>
			<key>isa</key>
			<string>PBXBuildFile</string>
		</dict>
		<key>5AD94C191DB5F2FE00A6CD66</key>
		<dict>
			<key>isa</key>
			<string>PBXFileReference</string>
			<key>lastKnownFileType</key>
			<string>file.xib</string>
			<key>name</key>
			<string>Base</string>
			<key>path</key>
			<string>Base.lproj/ParticipantListViewController.xib</string>
			<key>sourceTree</key>
			<string>&lt;group&gt;</string>
		</dict>
		<key>5AD94C1A1DB5F2FE00A6CD66</key>
		<dict>
			<key>children</key>
			<array>
				<string>5AD94C191DB5F2FE00A6CD66</string>
				<string>5AD94C1C1DB5F30000A6CD66</string>
			</array>
			<key>isa</key>
			<string>PBXVariantGroup</string>
			<key>name</key>
			<string>ParticipantListViewController.xib</string>
			<key>sourceTree</key>
			<string>&lt;group&gt;</string>
		</dict>
		<key>5AD94C1C1DB5F30000A6CD66</key>
		<dict>
			<key>isa</key>
			<string>PBXFileReference</string>
			<key>lastKnownFileType</key>
			<string>text.plist.strings</string>
			<key>name</key>
			<string>ko</string>
			<key>path</key>
			<string>ko.lproj/ParticipantListViewController.strings</string>
			<key>sourceTree</key>
			<string>&lt;group&gt;</string>
		</dict>
		<key>5AD94C1D1DB5F3A000A6CD66</key>
		<dict>
			<key>fileRef</key>
			<string>5AD94C1F1DB5F3A000A6CD66</string>
			<key>isa</key>
			<string>PBXBuildFile</string>
		</dict>
		<key>5AD94C1E1DB5F3A000A6CD66</key>
		<dict>
			<key>isa</key>
			<string>PBXFileReference</string>
			<key>lastKnownFileType</key>
			<string>file.xib</string>
			<key>name</key>
			<string>Base</string>
			<key>path</key>
			<string>Base.lproj/OpenChannelListViewController.xib</string>
			<key>sourceTree</key>
			<string>&lt;group&gt;</string>
		</dict>
		<key>5AD94C1F1DB5F3A000A6CD66</key>
		<dict>
			<key>children</key>
			<array>
				<string>5AD94C1E1DB5F3A000A6CD66</string>
				<string>5AD94C211DB5F3A200A6CD66</string>
			</array>
			<key>isa</key>
			<string>PBXVariantGroup</string>
			<key>name</key>
			<string>OpenChannelListViewController.xib</string>
			<key>sourceTree</key>
			<string>&lt;group&gt;</string>
		</dict>
		<key>5AD94C211DB5F3A200A6CD66</key>
		<dict>
			<key>isa</key>
			<string>PBXFileReference</string>
			<key>lastKnownFileType</key>
			<string>text.plist.strings</string>
			<key>name</key>
			<string>ko</string>
			<key>path</key>
			<string>ko.lproj/OpenChannelListViewController.strings</string>
			<key>sourceTree</key>
			<string>&lt;group&gt;</string>
		</dict>
		<key>5AD94C221DB5F5A900A6CD66</key>
		<dict>
			<key>fileRef</key>
			<string>5AD94C241DB5F5A900A6CD66</string>
			<key>isa</key>
			<string>PBXBuildFile</string>
		</dict>
		<key>5AD94C231DB5F5A900A6CD66</key>
		<dict>
			<key>isa</key>
			<string>PBXFileReference</string>
			<key>lastKnownFileType</key>
			<string>file.xib</string>
			<key>name</key>
			<string>Base</string>
			<key>path</key>
			<string>Base.lproj/ChattingView.xib</string>
			<key>sourceTree</key>
			<string>&lt;group&gt;</string>
		</dict>
		<key>5AD94C241DB5F5A900A6CD66</key>
		<dict>
			<key>children</key>
			<array>
				<string>5AD94C231DB5F5A900A6CD66</string>
				<string>5AD94C261DB5F5AB00A6CD66</string>
			</array>
			<key>isa</key>
			<string>PBXVariantGroup</string>
			<key>name</key>
			<string>ChattingView.xib</string>
			<key>sourceTree</key>
			<string>&lt;group&gt;</string>
		</dict>
		<key>5AD94C261DB5F5AB00A6CD66</key>
		<dict>
			<key>isa</key>
			<string>PBXFileReference</string>
			<key>lastKnownFileType</key>
			<string>text.plist.strings</string>
			<key>name</key>
			<string>ko</string>
			<key>path</key>
			<string>ko.lproj/ChattingView.strings</string>
			<key>sourceTree</key>
			<string>&lt;group&gt;</string>
		</dict>
		<key>5ADA68CD1D92032600EFDF2B</key>
		<dict>
			<key>fileEncoding</key>
			<string>4</string>
			<key>isa</key>
			<string>PBXFileReference</string>
			<key>lastKnownFileType</key>
			<string>sourcecode.c.h</string>
			<key>path</key>
			<string>SelectedUserListCollectionViewCell.h</string>
			<key>sourceTree</key>
			<string>&lt;group&gt;</string>
		</dict>
		<key>5ADA68CE1D92032600EFDF2B</key>
		<dict>
			<key>fileEncoding</key>
			<string>4</string>
			<key>isa</key>
			<string>PBXFileReference</string>
			<key>lastKnownFileType</key>
			<string>sourcecode.c.objc</string>
			<key>path</key>
			<string>SelectedUserListCollectionViewCell.m</string>
			<key>sourceTree</key>
			<string>&lt;group&gt;</string>
		</dict>
		<key>5ADA68CF1D92032600EFDF2B</key>
		<dict>
			<key>fileEncoding</key>
			<string>4</string>
			<key>isa</key>
			<string>PBXFileReference</string>
			<key>lastKnownFileType</key>
			<string>file.xib</string>
			<key>path</key>
			<string>SelectedUserListCollectionViewCell.xib</string>
			<key>sourceTree</key>
			<string>&lt;group&gt;</string>
		</dict>
		<key>5ADA68D01D92032600EFDF2B</key>
		<dict>
			<key>fileRef</key>
			<string>5ADA68CE1D92032600EFDF2B</string>
			<key>isa</key>
			<string>PBXBuildFile</string>
		</dict>
		<key>5ADA68D11D92032600EFDF2B</key>
		<dict>
			<key>fileRef</key>
			<string>5ADA68CF1D92032600EFDF2B</string>
			<key>isa</key>
			<string>PBXBuildFile</string>
		</dict>
		<key>5ADA68D21D923B7400EFDF2B</key>
		<dict>
			<key>fileEncoding</key>
			<string>4</string>
			<key>isa</key>
			<string>PBXFileReference</string>
			<key>lastKnownFileType</key>
			<string>sourcecode.c.h</string>
			<key>path</key>
			<string>CreateGroupChannelUserListTableViewCell.h</string>
			<key>sourceTree</key>
			<string>&lt;group&gt;</string>
		</dict>
		<key>5ADA68D31D923B7400EFDF2B</key>
		<dict>
			<key>fileEncoding</key>
			<string>4</string>
			<key>isa</key>
			<string>PBXFileReference</string>
			<key>lastKnownFileType</key>
			<string>sourcecode.c.objc</string>
			<key>path</key>
			<string>CreateGroupChannelUserListTableViewCell.m</string>
			<key>sourceTree</key>
			<string>&lt;group&gt;</string>
		</dict>
		<key>5ADA68D41D923B7400EFDF2B</key>
		<dict>
			<key>fileEncoding</key>
			<string>4</string>
			<key>isa</key>
			<string>PBXFileReference</string>
			<key>lastKnownFileType</key>
			<string>file.xib</string>
			<key>path</key>
			<string>CreateGroupChannelUserListTableViewCell.xib</string>
			<key>sourceTree</key>
			<string>&lt;group&gt;</string>
		</dict>
		<key>5ADA68D51D923B7400EFDF2B</key>
		<dict>
			<key>fileRef</key>
			<string>5ADA68D31D923B7400EFDF2B</string>
			<key>isa</key>
			<string>PBXBuildFile</string>
		</dict>
		<key>5ADA68D61D923B7400EFDF2B</key>
		<dict>
			<key>fileRef</key>
			<string>5ADA68D41D923B7400EFDF2B</string>
			<key>isa</key>
			<string>PBXBuildFile</string>
		</dict>
		<key>5ADA68D71D9256FB00EFDF2B</key>
		<dict>
			<key>children</key>
			<array>
				<string>5ADA68D81D92571500EFDF2B</string>
				<string>5ADA68DE1D92576A00EFDF2B</string>
				<string>5ADA68DF1D92576A00EFDF2B</string>
				<string>5AD94C241DB5F5A900A6CD66</string>
			</array>
			<key>isa</key>
			<string>PBXGroup</string>
			<key>path</key>
			<string>Chatting</string>
			<key>sourceTree</key>
			<string>&lt;group&gt;</string>
		</dict>
		<key>5ADA68D81D92571500EFDF2B</key>
		<dict>
			<key>children</key>
			<array>
				<string>5AC3A0691D9781A300244336</string>
				<string>5AC3A06A1D9781A300244336</string>
				<string>5AC3A06B1D9781A300244336</string>
				<string>5AC3A0781D97B66E00244336</string>
				<string>5AC3A0791D97B66E00244336</string>
				<string>5AC3A07A1D97B66E00244336</string>
				<string>5ADA68D91D92573C00EFDF2B</string>
				<string>5ADA68DA1D92573C00EFDF2B</string>
				<string>5ADA68DB1D92573C00EFDF2B</string>
				<string>5ADA69131D93CFAE00EFDF2B</string>
				<string>5ADA69141D93CFAE00EFDF2B</string>
				<string>5ADA69151D93CFAE00EFDF2B</string>
				<string>5AC3A0731D97A85000244336</string>
				<string>5AC3A0741D97A85000244336</string>
				<string>5AC3A0751D97A85000244336</string>
				<string>5AC3A06E1D97975B00244336</string>
				<string>5AC3A06F1D97975B00244336</string>
				<string>5AC3A0701D97975B00244336</string>
				<string>5ADA690E1D93B37200EFDF2B</string>
				<string>5ADA690F1D93B37200EFDF2B</string>
				<string>5ADA69101D93B37200EFDF2B</string>
				<string>5AF1992D1DA3D7F000BF2DE0</string>
			</array>
			<key>isa</key>
			<string>PBXGroup</string>
			<key>path</key>
			<string>ViewCell</string>
			<key>sourceTree</key>
			<string>&lt;group&gt;</string>
		</dict>
		<key>5ADA68D91D92573C00EFDF2B</key>
		<dict>
			<key>fileEncoding</key>
			<string>4</string>
			<key>isa</key>
			<string>PBXFileReference</string>
			<key>lastKnownFileType</key>
			<string>sourcecode.c.h</string>
			<key>path</key>
			<string>IncomingUserMessageTableViewCell.h</string>
			<key>sourceTree</key>
			<string>&lt;group&gt;</string>
		</dict>
		<key>5ADA68DA1D92573C00EFDF2B</key>
		<dict>
			<key>fileEncoding</key>
			<string>4</string>
			<key>isa</key>
			<string>PBXFileReference</string>
			<key>lastKnownFileType</key>
			<string>sourcecode.c.objc</string>
			<key>path</key>
			<string>IncomingUserMessageTableViewCell.m</string>
			<key>sourceTree</key>
			<string>&lt;group&gt;</string>
		</dict>
		<key>5ADA68DB1D92573C00EFDF2B</key>
		<dict>
			<key>fileEncoding</key>
			<string>4</string>
			<key>isa</key>
			<string>PBXFileReference</string>
			<key>lastKnownFileType</key>
			<string>file.xib</string>
			<key>path</key>
			<string>IncomingUserMessageTableViewCell.xib</string>
			<key>sourceTree</key>
			<string>&lt;group&gt;</string>
		</dict>
		<key>5ADA68DC1D92573C00EFDF2B</key>
		<dict>
			<key>fileRef</key>
			<string>5ADA68DA1D92573C00EFDF2B</string>
			<key>isa</key>
			<string>PBXBuildFile</string>
		</dict>
		<key>5ADA68DD1D92573C00EFDF2B</key>
		<dict>
			<key>fileRef</key>
			<string>5ADA68DB1D92573C00EFDF2B</string>
			<key>isa</key>
			<string>PBXBuildFile</string>
		</dict>
		<key>5ADA68DE1D92576A00EFDF2B</key>
		<dict>
			<key>fileEncoding</key>
			<string>4</string>
			<key>isa</key>
			<string>PBXFileReference</string>
			<key>lastKnownFileType</key>
			<string>sourcecode.c.h</string>
			<key>path</key>
			<string>ChattingView.h</string>
			<key>sourceTree</key>
			<string>&lt;group&gt;</string>
		</dict>
		<key>5ADA68DF1D92576A00EFDF2B</key>
		<dict>
			<key>fileEncoding</key>
			<string>4</string>
			<key>isa</key>
			<string>PBXFileReference</string>
			<key>lastKnownFileType</key>
			<string>sourcecode.c.objc</string>
			<key>path</key>
			<string>ChattingView.m</string>
			<key>sourceTree</key>
			<string>&lt;group&gt;</string>
		</dict>
		<key>5ADA68E01D92576A00EFDF2B</key>
		<dict>
			<key>fileRef</key>
			<string>5ADA68DF1D92576A00EFDF2B</string>
			<key>isa</key>
			<string>PBXBuildFile</string>
		</dict>
		<key>5ADA68E31D925BE300EFDF2B</key>
		<dict>
			<key>fileEncoding</key>
			<string>4</string>
			<key>isa</key>
			<string>PBXFileReference</string>
			<key>lastKnownFileType</key>
			<string>sourcecode.c.h</string>
			<key>path</key>
			<string>OpenChannelChattingViewController.h</string>
			<key>sourceTree</key>
			<string>&lt;group&gt;</string>
		</dict>
		<key>5ADA68E41D925BE300EFDF2B</key>
		<dict>
			<key>fileEncoding</key>
			<string>4</string>
			<key>isa</key>
			<string>PBXFileReference</string>
			<key>lastKnownFileType</key>
			<string>sourcecode.c.objc</string>
			<key>path</key>
			<string>OpenChannelChattingViewController.m</string>
			<key>sourceTree</key>
			<string>&lt;group&gt;</string>
		</dict>
		<key>5ADA68E51D925BE300EFDF2B</key>
		<dict>
			<key>fileEncoding</key>
			<string>4</string>
			<key>isa</key>
			<string>PBXFileReference</string>
			<key>lastKnownFileType</key>
			<string>file.xib</string>
			<key>path</key>
			<string>OpenChannelChattingViewController.xib</string>
			<key>sourceTree</key>
			<string>&lt;group&gt;</string>
		</dict>
		<key>5ADA68E61D925BE300EFDF2B</key>
		<dict>
			<key>fileRef</key>
			<string>5ADA68E41D925BE300EFDF2B</string>
			<key>isa</key>
			<string>PBXBuildFile</string>
		</dict>
		<key>5ADA68E71D925BE300EFDF2B</key>
		<dict>
			<key>fileRef</key>
			<string>5ADA68E51D925BE300EFDF2B</string>
			<key>isa</key>
			<string>PBXBuildFile</string>
		</dict>
		<key>5ADA68E81D92849900EFDF2B</key>
		<dict>
			<key>children</key>
			<array>
				<string>5ADA68E91D9284BC00EFDF2B</string>
				<string>5ADA68EA1D9284BD00EFDF2B</string>
			</array>
			<key>isa</key>
			<string>PBXGroup</string>
			<key>path</key>
			<string>ReusableViewFromXib</string>
			<key>sourceTree</key>
			<string>&lt;group&gt;</string>
		</dict>
		<key>5ADA68E91D9284BC00EFDF2B</key>
		<dict>
			<key>fileEncoding</key>
			<string>4</string>
			<key>isa</key>
			<string>PBXFileReference</string>
			<key>lastKnownFileType</key>
			<string>sourcecode.c.h</string>
			<key>path</key>
			<string>ReusableViewFromXib.h</string>
			<key>sourceTree</key>
			<string>&lt;group&gt;</string>
		</dict>
		<key>5ADA68EA1D9284BD00EFDF2B</key>
		<dict>
			<key>fileEncoding</key>
			<string>4</string>
			<key>isa</key>
			<string>PBXFileReference</string>
			<key>lastKnownFileType</key>
			<string>sourcecode.c.objc</string>
			<key>path</key>
			<string>ReusableViewFromXib.m</string>
			<key>sourceTree</key>
			<string>&lt;group&gt;</string>
		</dict>
		<key>5ADA68EB1D9284BD00EFDF2B</key>
		<dict>
			<key>fileRef</key>
			<string>5ADA68EA1D9284BD00EFDF2B</string>
			<key>isa</key>
			<string>PBXBuildFile</string>
		</dict>
		<key>5ADA68EC1D928DFD00EFDF2B</key>
		<dict>
			<key>children</key>
			<array>
				<string>5ADA68ED1D928E0F00EFDF2B</string>
				<string>5ADA68EE1D928E0F00EFDF2B</string>
				<string>5AD94BE01DB4A8C800A6CD66</string>
				<string>5AD94BE11DB4A8C900A6CD66</string>
				<string>5AD94BE91DB5BCEE00A6CD66</string>
				<string>5AD94BEA1DB5BCEE00A6CD66</string>
			</array>
			<key>isa</key>
			<string>PBXGroup</string>
			<key>path</key>
			<string>Common</string>
			<key>sourceTree</key>
			<string>&lt;group&gt;</string>
		</dict>
		<key>5ADA68ED1D928E0F00EFDF2B</key>
		<dict>
			<key>fileEncoding</key>
			<string>4</string>
			<key>isa</key>
			<string>PBXFileReference</string>
			<key>lastKnownFileType</key>
			<string>sourcecode.c.h</string>
			<key>path</key>
			<string>Utils.h</string>
			<key>sourceTree</key>
			<string>&lt;group&gt;</string>
		</dict>
		<key>5ADA68EE1D928E0F00EFDF2B</key>
		<dict>
			<key>fileEncoding</key>
			<string>4</string>
			<key>isa</key>
			<string>PBXFileReference</string>
			<key>lastKnownFileType</key>
			<string>sourcecode.c.objc</string>
			<key>path</key>
			<string>Utils.m</string>
			<key>sourceTree</key>
			<string>&lt;group&gt;</string>
		</dict>
		<key>5ADA68EF1D928E0F00EFDF2B</key>
		<dict>
			<key>fileRef</key>
			<string>5ADA68EE1D928E0F00EFDF2B</string>
			<key>isa</key>
			<string>PBXBuildFile</string>
		</dict>
		<key>5ADA690E1D93B37200EFDF2B</key>
		<dict>
			<key>fileEncoding</key>
			<string>4</string>
			<key>isa</key>
			<string>PBXFileReference</string>
			<key>lastKnownFileType</key>
			<string>sourcecode.c.h</string>
			<key>path</key>
			<string>OutgoingUserMessageTableViewCell.h</string>
			<key>sourceTree</key>
			<string>&lt;group&gt;</string>
		</dict>
		<key>5ADA690F1D93B37200EFDF2B</key>
		<dict>
			<key>fileEncoding</key>
			<string>4</string>
			<key>isa</key>
			<string>PBXFileReference</string>
			<key>lastKnownFileType</key>
			<string>sourcecode.c.objc</string>
			<key>path</key>
			<string>OutgoingUserMessageTableViewCell.m</string>
			<key>sourceTree</key>
			<string>&lt;group&gt;</string>
		</dict>
		<key>5ADA69101D93B37200EFDF2B</key>
		<dict>
			<key>fileEncoding</key>
			<string>4</string>
			<key>isa</key>
			<string>PBXFileReference</string>
			<key>lastKnownFileType</key>
			<string>file.xib</string>
			<key>path</key>
			<string>OutgoingUserMessageTableViewCell.xib</string>
			<key>sourceTree</key>
			<string>&lt;group&gt;</string>
		</dict>
		<key>5ADA69111D93B37200EFDF2B</key>
		<dict>
			<key>fileRef</key>
			<string>5ADA690F1D93B37200EFDF2B</string>
			<key>isa</key>
			<string>PBXBuildFile</string>
		</dict>
		<key>5ADA69121D93B37200EFDF2B</key>
		<dict>
			<key>fileRef</key>
			<string>5ADA69101D93B37200EFDF2B</string>
			<key>isa</key>
			<string>PBXBuildFile</string>
		</dict>
		<key>5ADA69131D93CFAE00EFDF2B</key>
		<dict>
			<key>fileEncoding</key>
			<string>4</string>
			<key>isa</key>
			<string>PBXFileReference</string>
			<key>lastKnownFileType</key>
			<string>sourcecode.c.h</string>
			<key>path</key>
			<string>NeutralMessageTableViewCell.h</string>
			<key>sourceTree</key>
			<string>&lt;group&gt;</string>
		</dict>
		<key>5ADA69141D93CFAE00EFDF2B</key>
		<dict>
			<key>fileEncoding</key>
			<string>4</string>
			<key>isa</key>
			<string>PBXFileReference</string>
			<key>lastKnownFileType</key>
			<string>sourcecode.c.objc</string>
			<key>path</key>
			<string>NeutralMessageTableViewCell.m</string>
			<key>sourceTree</key>
			<string>&lt;group&gt;</string>
		</dict>
		<key>5ADA69151D93CFAE00EFDF2B</key>
		<dict>
			<key>fileEncoding</key>
			<string>4</string>
			<key>isa</key>
			<string>PBXFileReference</string>
			<key>lastKnownFileType</key>
			<string>file.xib</string>
			<key>path</key>
			<string>NeutralMessageTableViewCell.xib</string>
			<key>sourceTree</key>
			<string>&lt;group&gt;</string>
		</dict>
		<key>5ADA69161D93CFAE00EFDF2B</key>
		<dict>
			<key>fileRef</key>
			<string>5ADA69141D93CFAE00EFDF2B</string>
			<key>isa</key>
			<string>PBXBuildFile</string>
		</dict>
		<key>5ADA69171D93CFAE00EFDF2B</key>
		<dict>
			<key>fileRef</key>
			<string>5ADA69151D93CFAE00EFDF2B</string>
			<key>isa</key>
			<string>PBXBuildFile</string>
		</dict>
		<key>5AF1990F1DA3A1FB00BF2DE0</key>
		<dict>
			<key>fileEncoding</key>
			<string>4</string>
			<key>isa</key>
			<string>PBXFileReference</string>
			<key>lastKnownFileType</key>
			<string>sourcecode.c.h</string>
			<key>path</key>
			<string>MemberListTableViewCell.h</string>
			<key>sourceTree</key>
			<string>&lt;group&gt;</string>
		</dict>
		<key>5AF199101DA3A1FB00BF2DE0</key>
		<dict>
			<key>fileEncoding</key>
			<string>4</string>
			<key>isa</key>
			<string>PBXFileReference</string>
			<key>lastKnownFileType</key>
			<string>sourcecode.c.objc</string>
			<key>path</key>
			<string>MemberListTableViewCell.m</string>
			<key>sourceTree</key>
			<string>&lt;group&gt;</string>
		</dict>
		<key>5AF199111DA3A1FB00BF2DE0</key>
		<dict>
			<key>fileEncoding</key>
			<string>4</string>
			<key>isa</key>
			<string>PBXFileReference</string>
			<key>lastKnownFileType</key>
			<string>file.xib</string>
			<key>path</key>
			<string>MemberListTableViewCell.xib</string>
			<key>sourceTree</key>
			<string>&lt;group&gt;</string>
		</dict>
		<key>5AF199121DA3A1FB00BF2DE0</key>
		<dict>
			<key>fileRef</key>
			<string>5AF199101DA3A1FB00BF2DE0</string>
			<key>isa</key>
			<string>PBXBuildFile</string>
		</dict>
		<key>5AF199131DA3A1FB00BF2DE0</key>
		<dict>
			<key>fileRef</key>
			<string>5AF199111DA3A1FB00BF2DE0</string>
			<key>isa</key>
			<string>PBXBuildFile</string>
		</dict>
		<key>5AF199141DA3A50000BF2DE0</key>
		<dict>
			<key>fileEncoding</key>
			<string>4</string>
			<key>isa</key>
			<string>PBXFileReference</string>
			<key>lastKnownFileType</key>
			<string>sourcecode.c.h</string>
			<key>path</key>
			<string>MemberListViewController.h</string>
			<key>sourceTree</key>
			<string>&lt;group&gt;</string>
		</dict>
		<key>5AF199151DA3A50000BF2DE0</key>
		<dict>
			<key>fileEncoding</key>
			<string>4</string>
			<key>isa</key>
			<string>PBXFileReference</string>
			<key>lastKnownFileType</key>
			<string>sourcecode.c.objc</string>
			<key>path</key>
			<string>MemberListViewController.m</string>
			<key>sourceTree</key>
			<string>&lt;group&gt;</string>
		</dict>
		<key>5AF199171DA3A50000BF2DE0</key>
		<dict>
			<key>fileRef</key>
			<string>5AF199151DA3A50000BF2DE0</string>
			<key>isa</key>
			<string>PBXBuildFile</string>
		</dict>
		<key>5AF199191DA3B2B200BF2DE0</key>
		<dict>
			<key>fileEncoding</key>
			<string>4</string>
			<key>isa</key>
			<string>PBXFileReference</string>
			<key>lastKnownFileType</key>
			<string>sourcecode.c.h</string>
			<key>path</key>
			<string>ParticipantListViewController.h</string>
			<key>sourceTree</key>
			<string>&lt;group&gt;</string>
		</dict>
		<key>5AF1991A1DA3B2B200BF2DE0</key>
		<dict>
			<key>fileEncoding</key>
			<string>4</string>
			<key>isa</key>
			<string>PBXFileReference</string>
			<key>lastKnownFileType</key>
			<string>sourcecode.c.objc</string>
			<key>path</key>
			<string>ParticipantListViewController.m</string>
			<key>sourceTree</key>
			<string>&lt;group&gt;</string>
		</dict>
		<key>5AF1991C1DA3B2B200BF2DE0</key>
		<dict>
			<key>fileRef</key>
			<string>5AF1991A1DA3B2B200BF2DE0</string>
			<key>isa</key>
			<string>PBXBuildFile</string>
		</dict>
		<key>5AF1991E1DA3B4E900BF2DE0</key>
		<dict>
			<key>fileEncoding</key>
			<string>4</string>
			<key>isa</key>
			<string>PBXFileReference</string>
			<key>lastKnownFileType</key>
			<string>sourcecode.c.h</string>
			<key>path</key>
			<string>ParticipantListTableViewCell.h</string>
			<key>sourceTree</key>
			<string>&lt;group&gt;</string>
		</dict>
		<key>5AF1991F1DA3B4E900BF2DE0</key>
		<dict>
			<key>fileEncoding</key>
			<string>4</string>
			<key>isa</key>
			<string>PBXFileReference</string>
			<key>lastKnownFileType</key>
			<string>sourcecode.c.objc</string>
			<key>path</key>
			<string>ParticipantListTableViewCell.m</string>
			<key>sourceTree</key>
			<string>&lt;group&gt;</string>
		</dict>
		<key>5AF199201DA3B4E900BF2DE0</key>
		<dict>
			<key>fileEncoding</key>
			<string>4</string>
			<key>isa</key>
			<string>PBXFileReference</string>
			<key>lastKnownFileType</key>
			<string>file.xib</string>
			<key>path</key>
			<string>ParticipantListTableViewCell.xib</string>
			<key>sourceTree</key>
			<string>&lt;group&gt;</string>
		</dict>
		<key>5AF199211DA3B4E900BF2DE0</key>
		<dict>
			<key>fileRef</key>
			<string>5AF1991F1DA3B4E900BF2DE0</string>
			<key>isa</key>
			<string>PBXBuildFile</string>
		</dict>
		<key>5AF199221DA3B4E900BF2DE0</key>
		<dict>
			<key>fileRef</key>
			<string>5AF199201DA3B4E900BF2DE0</string>
			<key>isa</key>
			<string>PBXBuildFile</string>
		</dict>
		<key>5AF199231DA3CCE000BF2DE0</key>
		<dict>
			<key>fileEncoding</key>
			<string>4</string>
			<key>isa</key>
			<string>PBXFileReference</string>
			<key>lastKnownFileType</key>
			<string>sourcecode.c.h</string>
			<key>path</key>
			<string>BlockedUserListTableViewCell.h</string>
			<key>sourceTree</key>
			<string>&lt;group&gt;</string>
		</dict>
		<key>5AF199241DA3CCE000BF2DE0</key>
		<dict>
			<key>fileEncoding</key>
			<string>4</string>
			<key>isa</key>
			<string>PBXFileReference</string>
			<key>lastKnownFileType</key>
			<string>sourcecode.c.objc</string>
			<key>path</key>
			<string>BlockedUserListTableViewCell.m</string>
			<key>sourceTree</key>
			<string>&lt;group&gt;</string>
		</dict>
		<key>5AF199251DA3CCE000BF2DE0</key>
		<dict>
			<key>fileEncoding</key>
			<string>4</string>
			<key>isa</key>
			<string>PBXFileReference</string>
			<key>lastKnownFileType</key>
			<string>file.xib</string>
			<key>path</key>
			<string>BlockedUserListTableViewCell.xib</string>
			<key>sourceTree</key>
			<string>&lt;group&gt;</string>
		</dict>
		<key>5AF199261DA3CCE000BF2DE0</key>
		<dict>
			<key>fileRef</key>
			<string>5AF199241DA3CCE000BF2DE0</string>
			<key>isa</key>
			<string>PBXBuildFile</string>
		</dict>
		<key>5AF199271DA3CCE000BF2DE0</key>
		<dict>
			<key>fileRef</key>
			<string>5AF199251DA3CCE000BF2DE0</string>
			<key>isa</key>
			<string>PBXBuildFile</string>
		</dict>
		<key>5AF199281DA3CE4500BF2DE0</key>
		<dict>
			<key>fileEncoding</key>
			<string>4</string>
			<key>isa</key>
			<string>PBXFileReference</string>
			<key>lastKnownFileType</key>
			<string>sourcecode.c.h</string>
			<key>path</key>
			<string>BlockedUserListViewController.h</string>
			<key>sourceTree</key>
			<string>&lt;group&gt;</string>
		</dict>
		<key>5AF199291DA3CE4500BF2DE0</key>
		<dict>
			<key>fileEncoding</key>
			<string>4</string>
			<key>isa</key>
			<string>PBXFileReference</string>
			<key>lastKnownFileType</key>
			<string>sourcecode.c.objc</string>
			<key>path</key>
			<string>BlockedUserListViewController.m</string>
			<key>sourceTree</key>
			<string>&lt;group&gt;</string>
		</dict>
		<key>5AF1992B1DA3CE4500BF2DE0</key>
		<dict>
			<key>fileRef</key>
			<string>5AF199291DA3CE4500BF2DE0</string>
			<key>isa</key>
			<string>PBXBuildFile</string>
		</dict>
		<key>5AF1992D1DA3D7F000BF2DE0</key>
		<dict>
			<key>isa</key>
			<string>PBXFileReference</string>
			<key>lastKnownFileType</key>
			<string>sourcecode.c.h</string>
			<key>path</key>
			<string>MessageDelegate.h</string>
			<key>sourceTree</key>
			<string>&lt;group&gt;</string>
		</dict>
		<key>5AF8AC551D8FE104000F0578</key>
		<dict>
			<key>children</key>
			<array>
				<string>5AF8AC561D8FE121000F0578</string>
				<string>5AF8AC571D8FE121000F0578</string>
				<string>5AD94BEE1DB5BDB300A6CD66</string>
			</array>
			<key>isa</key>
			<string>PBXGroup</string>
			<key>path</key>
			<string>Menu</string>
			<key>sourceTree</key>
			<string>&lt;group&gt;</string>
		</dict>
		<key>5AF8AC561D8FE121000F0578</key>
		<dict>
			<key>fileEncoding</key>
			<string>4</string>
			<key>isa</key>
			<string>PBXFileReference</string>
			<key>lastKnownFileType</key>
			<string>sourcecode.c.h</string>
			<key>path</key>
			<string>MenuViewController.h</string>
			<key>sourceTree</key>
			<string>&lt;group&gt;</string>
		</dict>
		<key>5AF8AC571D8FE121000F0578</key>
		<dict>
			<key>fileEncoding</key>
			<string>4</string>
			<key>isa</key>
			<string>PBXFileReference</string>
			<key>lastKnownFileType</key>
			<string>sourcecode.c.objc</string>
			<key>path</key>
			<string>MenuViewController.m</string>
			<key>sourceTree</key>
			<string>&lt;group&gt;</string>
		</dict>
		<key>5AF8AC591D8FE121000F0578</key>
		<dict>
			<key>fileRef</key>
			<string>5AF8AC571D8FE121000F0578</string>
			<key>isa</key>
			<string>PBXBuildFile</string>
		</dict>
		<key>5AF8AC5B1D90D493000F0578</key>
		<dict>
			<key>children</key>
			<array>
				<string>5AF8AC611D90D4F3000F0578</string>
				<string>5AF8AC671D911045000F0578</string>
				<string>5AF8AC681D911045000F0578</string>
				<string>5AD94C151DB5EB2A00A6CD66</string>
				<string>5ADA68E31D925BE300EFDF2B</string>
				<string>5ADA68E41D925BE300EFDF2B</string>
				<string>5ADA68E51D925BE300EFDF2B</string>
				<string>5AF8AC5C1D90D4E2000F0578</string>
				<string>5AF8AC5D1D90D4E2000F0578</string>
				<string>5AD94C1F1DB5F3A000A6CD66</string>
				<string>5AF199191DA3B2B200BF2DE0</string>
				<string>5AF1991A1DA3B2B200BF2DE0</string>
				<string>5AD94C1A1DB5F2FE00A6CD66</string>
				<string>5AF199281DA3CE4500BF2DE0</string>
				<string>5AF199291DA3CE4500BF2DE0</string>
				<string>5AD94C101DB5E97100A6CD66</string>
			</array>
			<key>isa</key>
			<string>PBXGroup</string>
			<key>path</key>
			<string>OpenChannel</string>
			<key>sourceTree</key>
			<string>&lt;group&gt;</string>
		</dict>
		<key>5AF8AC5C1D90D4E2000F0578</key>
		<dict>
			<key>fileEncoding</key>
			<string>4</string>
			<key>isa</key>
			<string>PBXFileReference</string>
			<key>lastKnownFileType</key>
			<string>sourcecode.c.h</string>
			<key>path</key>
			<string>OpenChannelListViewController.h</string>
			<key>sourceTree</key>
			<string>&lt;group&gt;</string>
		</dict>
		<key>5AF8AC5D1D90D4E2000F0578</key>
		<dict>
			<key>fileEncoding</key>
			<string>4</string>
			<key>isa</key>
			<string>PBXFileReference</string>
			<key>lastKnownFileType</key>
			<string>sourcecode.c.objc</string>
			<key>path</key>
			<string>OpenChannelListViewController.m</string>
			<key>sourceTree</key>
			<string>&lt;group&gt;</string>
		</dict>
		<key>5AF8AC5F1D90D4E2000F0578</key>
		<dict>
			<key>fileRef</key>
			<string>5AF8AC5D1D90D4E2000F0578</string>
			<key>isa</key>
			<string>PBXBuildFile</string>
		</dict>
		<key>5AF8AC611D90D4F3000F0578</key>
		<dict>
			<key>children</key>
			<array>
				<string>5AF8AC621D90D95E000F0578</string>
				<string>5AF8AC631D90D95E000F0578</string>
				<string>5AF8AC641D90D95E000F0578</string>
				<string>5AF1991E1DA3B4E900BF2DE0</string>
				<string>5AF1991F1DA3B4E900BF2DE0</string>
				<string>5AF199201DA3B4E900BF2DE0</string>
				<string>5AF199231DA3CCE000BF2DE0</string>
				<string>5AF199241DA3CCE000BF2DE0</string>
				<string>5AF199251DA3CCE000BF2DE0</string>
			</array>
			<key>isa</key>
			<string>PBXGroup</string>
			<key>path</key>
			<string>ViewCell</string>
			<key>sourceTree</key>
			<string>&lt;group&gt;</string>
		</dict>
		<key>5AF8AC621D90D95E000F0578</key>
		<dict>
			<key>fileEncoding</key>
			<string>4</string>
			<key>isa</key>
			<string>PBXFileReference</string>
			<key>lastKnownFileType</key>
			<string>sourcecode.c.h</string>
			<key>path</key>
			<string>OpenChannelListTableViewCell.h</string>
			<key>sourceTree</key>
			<string>&lt;group&gt;</string>
		</dict>
		<key>5AF8AC631D90D95E000F0578</key>
		<dict>
			<key>fileEncoding</key>
			<string>4</string>
			<key>isa</key>
			<string>PBXFileReference</string>
			<key>lastKnownFileType</key>
			<string>sourcecode.c.objc</string>
			<key>path</key>
			<string>OpenChannelListTableViewCell.m</string>
			<key>sourceTree</key>
			<string>&lt;group&gt;</string>
		</dict>
		<key>5AF8AC641D90D95E000F0578</key>
		<dict>
			<key>fileEncoding</key>
			<string>4</string>
			<key>isa</key>
			<string>PBXFileReference</string>
			<key>lastKnownFileType</key>
			<string>file.xib</string>
			<key>path</key>
			<string>OpenChannelListTableViewCell.xib</string>
			<key>sourceTree</key>
			<string>&lt;group&gt;</string>
		</dict>
		<key>5AF8AC651D90D95E000F0578</key>
		<dict>
			<key>fileRef</key>
			<string>5AF8AC631D90D95E000F0578</string>
			<key>isa</key>
			<string>PBXBuildFile</string>
		</dict>
		<key>5AF8AC661D90D95E000F0578</key>
		<dict>
			<key>fileRef</key>
			<string>5AF8AC641D90D95E000F0578</string>
			<key>isa</key>
			<string>PBXBuildFile</string>
		</dict>
		<key>5AF8AC671D911045000F0578</key>
		<dict>
			<key>fileEncoding</key>
			<string>4</string>
			<key>isa</key>
			<string>PBXFileReference</string>
			<key>lastKnownFileType</key>
			<string>sourcecode.c.h</string>
			<key>path</key>
			<string>CreateOpenChannelViewController.h</string>
			<key>sourceTree</key>
			<string>&lt;group&gt;</string>
		</dict>
		<key>5AF8AC681D911045000F0578</key>
		<dict>
			<key>fileEncoding</key>
			<string>4</string>
			<key>isa</key>
			<string>PBXFileReference</string>
			<key>lastKnownFileType</key>
			<string>sourcecode.c.objc</string>
			<key>path</key>
			<string>CreateOpenChannelViewController.m</string>
			<key>sourceTree</key>
			<string>&lt;group&gt;</string>
		</dict>
		<key>5AF8AC6A1D911045000F0578</key>
		<dict>
			<key>fileRef</key>
			<string>5AF8AC681D911045000F0578</string>
			<key>isa</key>
			<string>PBXBuildFile</string>
		</dict>
		<key>5AF8AC6C1D911ACC000F0578</key>
		<dict>
			<key>children</key>
			<array>
				<string>5AF8AC6D1D911AD6000F0578</string>
				<string>5AC3A07D1D97BEF100244336</string>
				<string>5AC3A07E1D97BEF100244336</string>
				<string>5AD94C061DB5D54500A6CD66</string>
				<string>5AF8AC861D91FF9E000F0578</string>
				<string>5AF8AC871D91FF9E000F0578</string>
				<string>5AD94C0B1DB5D57D00A6CD66</string>
				<string>5AF8AC731D9131BD000F0578</string>
				<string>5AF8AC741D9131BD000F0578</string>
				<string>5AD94BFC1DB5D38600A6CD66</string>
				<string>5AC3A0821D99DA3800244336</string>
				<string>5AC3A0831D99DA3800244336</string>
				<string>5AC3A0841D99DA3800244336</string>
				<string>5AF199141DA3A50000BF2DE0</string>
				<string>5AF199151DA3A50000BF2DE0</string>
				<string>5AD94C011DB5D51400A6CD66</string>
			</array>
			<key>isa</key>
			<string>PBXGroup</string>
			<key>path</key>
			<string>GroupChannel</string>
			<key>sourceTree</key>
			<string>&lt;group&gt;</string>
		</dict>
		<key>5AF8AC6D1D911AD6000F0578</key>
		<dict>
			<key>children</key>
			<array>
				<string>5ADA68D21D923B7400EFDF2B</string>
				<string>5ADA68D31D923B7400EFDF2B</string>
				<string>5ADA68D41D923B7400EFDF2B</string>
				<string>5AF8AC781D913D91000F0578</string>
				<string>5AF8AC791D913D91000F0578</string>
				<string>5AF8AC7A1D913D91000F0578</string>
				<string>5AF8AC6E1D911B85000F0578</string>
				<string>5AF8AC6F1D911B85000F0578</string>
				<string>5AF8AC701D911B85000F0578</string>
				<string>5ADA68CD1D92032600EFDF2B</string>
				<string>5ADA68CE1D92032600EFDF2B</string>
				<string>5ADA68CF1D92032600EFDF2B</string>
				<string>5AF1990F1DA3A1FB00BF2DE0</string>
				<string>5AF199101DA3A1FB00BF2DE0</string>
				<string>5AF199111DA3A1FB00BF2DE0</string>
			</array>
			<key>isa</key>
			<string>PBXGroup</string>
			<key>path</key>
			<string>ViewCell</string>
			<key>sourceTree</key>
			<string>&lt;group&gt;</string>
		</dict>
		<key>5AF8AC6E1D911B85000F0578</key>
		<dict>
			<key>fileEncoding</key>
			<string>4</string>
			<key>isa</key>
			<string>PBXFileReference</string>
			<key>lastKnownFileType</key>
			<string>sourcecode.c.h</string>
			<key>path</key>
			<string>GroupChannelListTableViewCell.h</string>
			<key>sourceTree</key>
			<string>&lt;group&gt;</string>
		</dict>
		<key>5AF8AC6F1D911B85000F0578</key>
		<dict>
			<key>fileEncoding</key>
			<string>4</string>
			<key>isa</key>
			<string>PBXFileReference</string>
			<key>lastKnownFileType</key>
			<string>sourcecode.c.objc</string>
			<key>path</key>
			<string>GroupChannelListTableViewCell.m</string>
			<key>sourceTree</key>
			<string>&lt;group&gt;</string>
		</dict>
		<key>5AF8AC701D911B85000F0578</key>
		<dict>
			<key>fileEncoding</key>
			<string>4</string>
			<key>isa</key>
			<string>PBXFileReference</string>
			<key>lastKnownFileType</key>
			<string>file.xib</string>
			<key>path</key>
			<string>GroupChannelListTableViewCell.xib</string>
			<key>sourceTree</key>
			<string>&lt;group&gt;</string>
		</dict>
		<key>5AF8AC711D911B85000F0578</key>
		<dict>
			<key>fileRef</key>
			<string>5AF8AC6F1D911B85000F0578</string>
			<key>isa</key>
			<string>PBXBuildFile</string>
		</dict>
		<key>5AF8AC721D911B85000F0578</key>
		<dict>
			<key>fileRef</key>
			<string>5AF8AC701D911B85000F0578</string>
			<key>isa</key>
			<string>PBXBuildFile</string>
		</dict>
		<key>5AF8AC731D9131BD000F0578</key>
		<dict>
			<key>fileEncoding</key>
			<string>4</string>
			<key>isa</key>
			<string>PBXFileReference</string>
			<key>lastKnownFileType</key>
			<string>sourcecode.c.h</string>
			<key>path</key>
			<string>GroupChannelListViewController.h</string>
			<key>sourceTree</key>
			<string>&lt;group&gt;</string>
		</dict>
		<key>5AF8AC741D9131BD000F0578</key>
		<dict>
			<key>fileEncoding</key>
			<string>4</string>
			<key>isa</key>
			<string>PBXFileReference</string>
			<key>lastKnownFileType</key>
			<string>sourcecode.c.objc</string>
			<key>path</key>
			<string>GroupChannelListViewController.m</string>
			<key>sourceTree</key>
			<string>&lt;group&gt;</string>
		</dict>
		<key>5AF8AC761D9131BD000F0578</key>
		<dict>
			<key>fileRef</key>
			<string>5AF8AC741D9131BD000F0578</string>
			<key>isa</key>
			<string>PBXBuildFile</string>
		</dict>
		<key>5AF8AC781D913D91000F0578</key>
		<dict>
			<key>fileEncoding</key>
			<string>4</string>
			<key>isa</key>
			<string>PBXFileReference</string>
			<key>lastKnownFileType</key>
			<string>sourcecode.c.h</string>
			<key>path</key>
			<string>GroupChannelListEditableTableViewCell.h</string>
			<key>sourceTree</key>
			<string>&lt;group&gt;</string>
		</dict>
		<key>5AF8AC791D913D91000F0578</key>
		<dict>
			<key>fileEncoding</key>
			<string>4</string>
			<key>isa</key>
			<string>PBXFileReference</string>
			<key>lastKnownFileType</key>
			<string>sourcecode.c.objc</string>
			<key>path</key>
			<string>GroupChannelListEditableTableViewCell.m</string>
			<key>sourceTree</key>
			<string>&lt;group&gt;</string>
		</dict>
		<key>5AF8AC7A1D913D91000F0578</key>
		<dict>
			<key>fileEncoding</key>
			<string>4</string>
			<key>isa</key>
			<string>PBXFileReference</string>
			<key>lastKnownFileType</key>
			<string>file.xib</string>
			<key>path</key>
			<string>GroupChannelListEditableTableViewCell.xib</string>
			<key>sourceTree</key>
			<string>&lt;group&gt;</string>
		</dict>
		<key>5AF8AC7B1D913D91000F0578</key>
		<dict>
			<key>fileRef</key>
			<string>5AF8AC791D913D91000F0578</string>
			<key>isa</key>
			<string>PBXBuildFile</string>
		</dict>
		<key>5AF8AC7C1D913D91000F0578</key>
		<dict>
			<key>fileRef</key>
			<string>5AF8AC7A1D913D91000F0578</string>
			<key>isa</key>
			<string>PBXBuildFile</string>
		</dict>
		<key>5AF8AC851D915D27000F0578</key>
		<dict>
			<key>buildActionMask</key>
			<string>2147483647</string>
			<key>dstPath</key>
			<string></string>
			<key>dstSubfolderSpec</key>
			<string>10</string>
			<key>files</key>
			<array/>
			<key>isa</key>
			<string>PBXCopyFilesBuildPhase</string>
			<key>name</key>
			<string>Embed Frameworks</string>
			<key>runOnlyForDeploymentPostprocessing</key>
			<string>0</string>
		</dict>
		<key>5AF8AC861D91FF9E000F0578</key>
		<dict>
			<key>fileEncoding</key>
			<string>4</string>
			<key>isa</key>
			<string>PBXFileReference</string>
			<key>lastKnownFileType</key>
			<string>sourcecode.c.h</string>
			<key>path</key>
			<string>CreateGroupChannelUserListViewController.h</string>
			<key>sourceTree</key>
			<string>&lt;group&gt;</string>
		</dict>
		<key>5AF8AC871D91FF9E000F0578</key>
		<dict>
			<key>fileEncoding</key>
			<string>4</string>
			<key>isa</key>
			<string>PBXFileReference</string>
			<key>lastKnownFileType</key>
			<string>sourcecode.c.objc</string>
			<key>path</key>
			<string>CreateGroupChannelUserListViewController.m</string>
			<key>sourceTree</key>
			<string>&lt;group&gt;</string>
		</dict>
		<key>5AF8AC891D91FF9E000F0578</key>
		<dict>
			<key>fileRef</key>
			<string>5AF8AC871D91FF9E000F0578</string>
			<key>isa</key>
			<string>PBXBuildFile</string>
		</dict>
		<key>637A1CAA6BE9D31152E759CB</key>
		<dict>
			<key>children</key>
			<array>
				<string>E2FFAC00B5E8A9493084E70F</string>
				<string>3F68010AC569401C3F0FAD95</string>
			</array>
			<key>isa</key>
			<string>PBXGroup</string>
			<key>name</key>
			<string>Pods</string>
			<key>sourceTree</key>
			<string>&lt;group&gt;</string>
		</dict>
		<key>79297A287FD0878099942094</key>
		<dict>
			<key>buildActionMask</key>
			<string>2147483647</string>
			<key>files</key>
			<array/>
			<key>inputPaths</key>
			<array/>
			<key>isa</key>
			<string>PBXShellScriptBuildPhase</string>
			<key>name</key>
			<string>[CP] Copy Pods Resources</string>
			<key>outputPaths</key>
			<array/>
			<key>runOnlyForDeploymentPostprocessing</key>
			<string>0</string>
			<key>shellPath</key>
			<string>/bin/sh</string>
			<key>shellScript</key>
			<string>"${SRCROOT}/Pods/Target Support Files/Pods-SendBird-iOS/Pods-SendBird-iOS-resources.sh"
</string>
			<key>showEnvVarsInLog</key>
			<string>0</string>
		</dict>
		<key>7FBC9D59107481A6793B2D20</key>
		<dict>
			<key>children</key>
			<array>
				<string>0F7440614FBAB0CE15886868</string>
			</array>
			<key>isa</key>
			<string>PBXGroup</string>
			<key>name</key>
			<string>Frameworks</string>
			<key>sourceTree</key>
			<string>&lt;group&gt;</string>
		</dict>
		<key>A70556D294A247DB1E790AF6</key>
		<dict>
			<key>fileRef</key>
			<string>0F7440614FBAB0CE15886868</string>
			<key>isa</key>
			<string>PBXBuildFile</string>
		</dict>
		<key>BD86F1E9FEE8C96BFBA0FF0C</key>
		<dict>
			<key>children</key>
			<array>
				<string>095040316A653E09BB5B08B5</string>
				<string>1364F5B22175AB53DD65C48E</string>
			</array>
			<key>isa</key>
			<string>PBXGroup</string>
			<key>name</key>
			<string>Pods</string>
			<key>path</key>
			<string>..</string>
			<key>sourceTree</key>
			<string>&lt;group&gt;</string>
		</dict>
		<key>D1ABCD466F28D76DA64F71EE</key>
		<dict>
			<key>buildActionMask</key>
			<string>2147483647</string>
			<key>files</key>
			<array/>
			<key>inputPaths</key>
			<array/>
			<key>isa</key>
			<string>PBXShellScriptBuildPhase</string>
			<key>name</key>
			<string>&#128230; Copy Pods Resources</string>
			<key>outputPaths</key>
			<array/>
			<key>runOnlyForDeploymentPostprocessing</key>
			<string>0</string>
			<key>shellPath</key>
			<string>/bin/sh</string>
			<key>shellScript</key>
			<string>"${SRCROOT}/Pods/Target Support Files/Pods-SendBird-iOS/Pods-SendBird-iOS-resources.sh"
</string>
			<key>showEnvVarsInLog</key>
			<string>0</string>
		</dict>
		<key>E2FFAC00B5E8A9493084E70F</key>
		<dict>
			<key>includeInIndex</key>
			<string>1</string>
			<key>isa</key>
			<string>PBXFileReference</string>
			<key>lastKnownFileType</key>
			<string>text.xcconfig</string>
			<key>name</key>
			<string>Pods-SendBird-iOS.debug.xcconfig</string>
			<key>path</key>
			<string>Pods/Target Support Files/Pods-SendBird-iOS/Pods-SendBird-iOS.debug.xcconfig</string>
			<key>sourceTree</key>
			<string>&lt;group&gt;</string>
		</dict>
	</dict>
	<key>rootObject</key>
	<string>5AB0CC1D1D8F840400F05EC1</string>
</dict>
</plist>
